// !$*UTF8*$!
{
	archiveVersion = 1;
	classes = {
	};
	objectVersion = 46;
	objects = {

/* Begin PBXBuildFile section */
		6556503A9C0A5D3322C62581 /* CWeakReferencesSentry.m in Sources */ = {isa = PBXBuildFile; fileRef = 6556532B7AA2309D230B6B47 /* CWeakReferencesSentry.m */; };
		6556504E83B102FA2B7D9B34 /* CAdaptedStructureSetter.m in Sources */ = {isa = PBXBuildFile; fileRef = 655650AAB9F9F169A00622BE /* CAdaptedStructureSetter.m */; };
		655650876622BB0E640A6E6E /* CAdaptedCommonSetter.m in Sources */ = {isa = PBXBuildFile; fileRef = 65565CF4B19049F523D2A7A6 /* CAdaptedCommonSetter.m */; };
		6556509FCAACF0272AC75892 /* CChildProtocolsTest.m in Sources */ = {isa = PBXBuildFile; fileRef = 655654A34938AAFD145F167E /* CChildProtocolsTest.m */; };
		655650AF27E5C8993B65BAAC /* CEErrorNotification.m in Sources */ = {isa = PBXBuildFile; fileRef = 6556569DE4441CB181E97A22 /* CEErrorNotification.m */; };
		655650BFF5823F82411E21F1 /* CAdaptedObjectStrongGetter.m in Sources */ = {isa = PBXBuildFile; fileRef = 65565D3FC4F28FE042865D4F /* CAdaptedObjectStrongGetter.m */; };
		655650D32C8138E60BADCD6C /* ARHCMutableDictionaryPropertiesAdapter.m in Sources */ = {isa = PBXBuildFile; fileRef = 65565E387BDB863585B30C24 /* ARHCMutableDictionaryPropertiesAdapter.m */; };
		6556514C5379D591626C1261 /* ARHCCommonChainElement.m in Sources */ = {isa = PBXBuildFile; fileRef = 6556556436E67D4283FFC0A5 /* ARHCCommonChainElement.m */; };
		6556515058A68A0AA50F2702 /* CAdaptedScalarNumberSetter.m in Sources */ = {isa = PBXBuildFile; fileRef = 655657EC39BE385E4BE893B2 /* CAdaptedScalarNumberSetter.m */; };
		655651D1B411967647166900 /* CAdaptedStructureGetter.m in Sources */ = {isa = PBXBuildFile; fileRef = 65565723A99310CE207EB225 /* CAdaptedStructureGetter.m */; };
		655652CD3D952AF386EFDD60 /* ARHCPropertyInfo.m in Sources */ = {isa = PBXBuildFile; fileRef = 65565111F75535C93A2E2C44 /* ARHCPropertyInfo.m */; };
		6556534E81CA4265EF59BBDB /* CAdaptedObjectWeakGetter.m in Sources */ = {isa = PBXBuildFile; fileRef = 65565FE0C0EA2B9873FC84A8 /* CAdaptedObjectWeakGetter.m */; };
		655653695F6F16304F203DEB /* CSelectorAccessorFactory.m in Sources */ = {isa = PBXBuildFile; fileRef = 65565ED507DBE571812B22C1 /* CSelectorAccessorFactory.m */; };
		655653858F9831983280AD38 /* CAdaptedScalarNumberGetter.m in Sources */ = {isa = PBXBuildFile; fileRef = 65565402C15709B01957796F /* CAdaptedScalarNumberGetter.m */; };
		655653A7B4BFE19967BEFEE6 /* CWeakObjectHolder.m in Sources */ = {isa = PBXBuildFile; fileRef = 65565E7BC376C2F3C37EA245 /* CWeakObjectHolder.m */; };
		655653C4F61DBDD970133CE2 /* CHandlingChainQueueBuilder.m in Sources */ = {isa = PBXBuildFile; fileRef = 6556516889621B646AAD05E2 /* CHandlingChainQueueBuilder.m */; };
		655653FCB8B283B2829257B8 /* CAdaptedCommonPresented.m in Sources */ = {isa = PBXBuildFile; fileRef = 655658BA9D77F629381EDCF3 /* CAdaptedCommonPresented.m */; };
		65565475A86AD666475B1189 /* CObjectWeakAccessorFactory.m in Sources */ = {isa = PBXBuildFile; fileRef = 65565305B2D86E5197EE569C /* CObjectWeakAccessorFactory.m */; };
		6556547B3247F27EBD364709 /* ARHCEnumerableWeakReferencesCollection.m in Sources */ = {isa = PBXBuildFile; fileRef = 6556504173C3B52341E2DEA4 /* ARHCEnumerableWeakReferencesCollection.m */; };
		6556553819CCD0BA8470CBBA /* CAdaptedCommonGetter.m in Sources */ = {isa = PBXBuildFile; fileRef = 655655353A76331A766A6606 /* CAdaptedCommonGetter.m */; };
		65565553C729798EFDF586BA /* CAdaptedSelectorGetterAndSetterTest.m in Sources */ = {isa = PBXBuildFile; fileRef = 655659FEA39D2E9728B60EBA /* CAdaptedSelectorGetterAndSetterTest.m */; };
		65565589D2D0238857C81DB4 /* CConcurrentExecutionQueuePool.m in Sources */ = {isa = PBXBuildFile; fileRef = 6556580DD8BAE70F58C0B36E /* CConcurrentExecutionQueuePool.m */; };
		65565593DFD3C259D012540A /* CStructureAccessorFactory.m in Sources */ = {isa = PBXBuildFile; fileRef = 655650B1251ADC0E12987935 /* CStructureAccessorFactory.m */; };
		65565598E1BA0BF722F9C6F1 /* CSerialExecutionQueuePool.m in Sources */ = {isa = PBXBuildFile; fileRef = 65565BA4AB65515D447B445B /* CSerialExecutionQueuePool.m */; };
		655655A5FB8F753F0331F368 /* CExecutionQueuePool.m in Sources */ = {isa = PBXBuildFile; fileRef = 65565BE2767C2570B1658EF3 /* CExecutionQueuePool.m */; };
		655656E540D7F4AB4572796B /* CScalarNumberAccessorFactory.m in Sources */ = {isa = PBXBuildFile; fileRef = 65565BD081CB1872E1864DA2 /* CScalarNumberAccessorFactory.m */; };
		655656F276DA69DF98BFB982 /* CFutureContext.m in Sources */ = {isa = PBXBuildFile; fileRef = 65565ACDFD3D473F75596E53 /* CFutureContext.m */; };
		655657077670187849C24904 /* CAdaptedObjectStrongSetter.m in Sources */ = {isa = PBXBuildFile; fileRef = 65565FBC04714047012784F6 /* CAdaptedObjectStrongSetter.m */; };
		6556571473D51EFA5426B059 /* CAdaptedClassGetterAndSetterTest.m in Sources */ = {isa = PBXBuildFile; fileRef = 65565BC451B8AC16D67B7EB5 /* CAdaptedClassGetterAndSetterTest.m */; };
		65565775B2BC8059CC93E151 /* CCommonAccessorFactory.m in Sources */ = {isa = PBXBuildFile; fileRef = 65565A3CF6EA5D76D9776369 /* CCommonAccessorFactory.m */; };
		65565848AD02B999818CBA8F /* CPropertiesDescriptorsAccessorsHolder.m in Sources */ = {isa = PBXBuildFile; fileRef = 65565A46EF581B09C9704DA7 /* CPropertiesDescriptorsAccessorsHolder.m */; };
		6556588F6410376C4434C379 /* CSingleExecutionQueuePool.m in Sources */ = {isa = PBXBuildFile; fileRef = 65565315F7BAB870229B9067 /* CSingleExecutionQueuePool.m */; };
		6556589515BB9C820DF74EB4 /* CAdaptedSelectorSetter.m in Sources */ = {isa = PBXBuildFile; fileRef = 65565F1D9A90DAFC75E6B147 /* CAdaptedSelectorSetter.m */; };
		655658ACD24CFB3480EBF73A /* CAdaptedScalarNumberGetterTest.m in Sources */ = {isa = PBXBuildFile; fileRef = 65565F9994CF78A096C975C5 /* CAdaptedScalarNumberGetterTest.m */; };
		655658D51D8FEFD6D023DBCE /* CAdaptedClassSetter.m in Sources */ = {isa = PBXBuildFile; fileRef = 65565328FBCB2A7C18379AAF /* CAdaptedClassSetter.m */; };
		65565A6C0E1EA553A5473983 /* CAdaptedSelectorGetter.m in Sources */ = {isa = PBXBuildFile; fileRef = 6556537E7AE86430881DF16C /* CAdaptedSelectorGetter.m */; };
		65565B182EF05E49C2A44C1E /* CPropertiesDescriptorsAccessorsHolderTest.m in Sources */ = {isa = PBXBuildFile; fileRef = 6556518A0A3B5017CCE18333 /* CPropertiesDescriptorsAccessorsHolderTest.m */; };
		65565B75383E489203C337F2 /* CObjectStrongAccessorFactory.m in Sources */ = {isa = PBXBuildFile; fileRef = 655656F5F47AEE2E0CDE385F /* CObjectStrongAccessorFactory.m */; };
		65565C09A30B02EDCB61B281 /* CHandlingChainQueue.m in Sources */ = {isa = PBXBuildFile; fileRef = 6556567014C909BE514F1B54 /* CHandlingChainQueue.m */; };
		65565CEE76CE85D8458DBB88 /* CAdaptedObjectWeakSetter.m in Sources */ = {isa = PBXBuildFile; fileRef = 65565BA7714A730456CB0863 /* CAdaptedObjectWeakSetter.m */; };
		65565D36AF712534BAD135A0 /* AbstractAdaptedPropertyAccessor.m in Sources */ = {isa = PBXBuildFile; fileRef = 6556529F994C7AFD73278209 /* AbstractAdaptedPropertyAccessor.m */; };
		65565D6E93CE51C4C359C6D4 /* CAdaptedScalarNumberSetterTest.m in Sources */ = {isa = PBXBuildFile; fileRef = 65565D048BF9D1B02BB5AC8E /* CAdaptedScalarNumberSetterTest.m */; };
		65565DB874B76E0A39A76387 /* CAdaptedCommonSettersAndGettersTest.m in Sources */ = {isa = PBXBuildFile; fileRef = 655657C8D0FCFEB8FAE7AD53 /* CAdaptedCommonSettersAndGettersTest.m */; };
		65565DD90C3A1F7494E02597 /* CAdaptedStructureGetterAndSetterTest.m in Sources */ = {isa = PBXBuildFile; fileRef = 6556529ED78AF6165A9B6C1A /* CAdaptedStructureGetterAndSetterTest.m */; };
		65565E1FC587B06EC1F78FEB /* ARHCEnumerableWeakReferencesCollectionTest.m in Sources */ = {isa = PBXBuildFile; fileRef = 65565FD21FB3200F9D544958 /* ARHCEnumerableWeakReferencesCollectionTest.m */; };
		65565E2E42535CA9CDAF6DA4 /* AbstractAccessorFactory.m in Sources */ = {isa = PBXBuildFile; fileRef = 65565EF4BA338D8FC6CC7269 /* AbstractAccessorFactory.m */; };
		65565ED9C53D23C49DF4186A /* ARHAbstractHandlingChain.m in Sources */ = {isa = PBXBuildFile; fileRef = 65565BACB049456CEE5759BE /* ARHAbstractHandlingChain.m */; };
		65565EE06B19611308348006 /* ARHAbstractChainElement.m in Sources */ = {isa = PBXBuildFile; fileRef = 65565CAF7C6C69E24B3B0200 /* ARHAbstractChainElement.m */; };
		65565EF975E2D809706B18BD /* ARHCErrorHolder.m in Sources */ = {isa = PBXBuildFile; fileRef = 6556508148697676B7F2C1E7 /* ARHCErrorHolder.m */; };
		65565F16BB130857975DDEF2 /* ARHCEInspectContextChainElement.m in Sources */ = {isa = PBXBuildFile; fileRef = 65565AEE6BD7099911D6D679 /* ARHCEInspectContextChainElement.m */; };
		65565F1FA7B969851E56855E /* ARHCExecutionPoolFactory.m in Sources */ = {isa = PBXBuildFile; fileRef = 65565FD2EBDF9D28B1142C6F /* ARHCExecutionPoolFactory.m */; };
		65565F6488BFD5A5EFC6A512 /* CECompleteNotification.m in Sources */ = {isa = PBXBuildFile; fileRef = 65565AB96BAAEAAF4040DB63 /* CECompleteNotification.m */; };
		65565F7BEEFAB0DDF6C6468C /* CClassAccessorFactory.m in Sources */ = {isa = PBXBuildFile; fileRef = 655656D617813D64E4B2EA65 /* CClassAccessorFactory.m */; };
		65565F9115D3C8CFAAB4E337 /* ARHCCommonHandlingChain.m in Sources */ = {isa = PBXBuildFile; fileRef = 65565C34D04DF55C6506EF22 /* ARHCCommonHandlingChain.m */; };
		65565FE5EC257C7A74651D38 /* CMutableDictionaryPropertiesAdapterTest.m in Sources */ = {isa = PBXBuildFile; fileRef = 65565D2A7C6419B028A241A3 /* CMutableDictionaryPropertiesAdapterTest.m */; };
		6B273D221941E68F00740B02 /* CAdaptedClassGetter.m in Sources */ = {isa = PBXBuildFile; fileRef = 655654EAB14BCCA5994CBC73 /* CAdaptedClassGetter.m */; };
		6B273D231941E68F00740B02 /* CChildProtocols.m in Sources */ = {isa = PBXBuildFile; fileRef = 655654F855EFA2E00D2FB5CD /* CChildProtocols.m */; };
		6B273D241941E68F00740B02 /* CPropertyInfosForProtocol.m in Sources */ = {isa = PBXBuildFile; fileRef = 655651EF18BC539679EBA8DD /* CPropertyInfosForProtocol.m */; };
		6BC093B81938B8C700E68EEA /* Foundation.framework in Frameworks */ = {isa = PBXBuildFile; fileRef = 6BC093B71938B8C700E68EEA /* Foundation.framework */; };
		6BC093C61938B8C700E68EEA /* XCTest.framework in Frameworks */ = {isa = PBXBuildFile; fileRef = 6BC093C51938B8C700E68EEA /* XCTest.framework */; };
		6BC093C71938B8C700E68EEA /* Foundation.framework in Frameworks */ = {isa = PBXBuildFile; fileRef = 6BC093B71938B8C700E68EEA /* Foundation.framework */; };
		6BC093C91938B8C700E68EEA /* UIKit.framework in Frameworks */ = {isa = PBXBuildFile; fileRef = 6BC093C81938B8C700E68EEA /* UIKit.framework */; };
		6BC093CC1938B8C700E68EEA /* libARHandlingChains.a in Frameworks */ = {isa = PBXBuildFile; fileRef = 6BC093B41938B8C700E68EEA /* libARHandlingChains.a */; };
		6BC093D21938B8C700E68EEA /* InfoPlist.strings in Resources */ = {isa = PBXBuildFile; fileRef = 6BC093D01938B8C700E68EEA /* InfoPlist.strings */; };
		6BC093E0193CB8A000E68EEA /* CPropertyInfoTest.m in Sources */ = {isa = PBXBuildFile; fileRef = 6BC093DF193CB8A000E68EEA /* CPropertyInfoTest.m */; };
		6BCFFF331957F9F90016B61F /* ARHandlingChains.h in Headers */ = {isa = PBXBuildFile; fileRef = 6BC093BC1938B8C700E68EEA /* ARHandlingChains.h */; settings = {ATTRIBUTES = (Public, ); }; };
		6BCFFF341957F9F90016B61F /* ARHCEInspectContextChainElement.h in Headers */ = {isa = PBXBuildFile; fileRef = 655658DF7F49779A0FCA10DB /* ARHCEInspectContextChainElement.h */; settings = {ATTRIBUTES = (Public, ); }; };
		6BCFFF351957F9F90016B61F /* ARHAbstractChainElement.h in Headers */ = {isa = PBXBuildFile; fileRef = 65565ADA6BE84D57F7E7ECAD /* ARHAbstractChainElement.h */; settings = {ATTRIBUTES = (Public, ); }; };
		6BCFFF361957F9F90016B61F /* ARHCCommonChainElement.h in Headers */ = {isa = PBXBuildFile; fileRef = 6556562979B92B935695AE27 /* ARHCCommonChainElement.h */; settings = {ATTRIBUTES = (Public, ); }; };
		6BCFFF371957F9F90016B61F /* ARHAbstractHandlingChain.h in Headers */ = {isa = PBXBuildFile; fileRef = 655651002B6308B9DD4B982A /* ARHAbstractHandlingChain.h */; settings = {ATTRIBUTES = (Public, ); }; };
		6BCFFF381957F9F90016B61F /* ARHCCommonHandlingChain.h in Headers */ = {isa = PBXBuildFile; fileRef = 6556571C7279DCDFF611B58D /* ARHCCommonHandlingChain.h */; settings = {ATTRIBUTES = (Public, ); }; };
		6BCFFF391957F9F90016B61F /* ARHIFutureContext.h in Headers */ = {isa = PBXBuildFile; fileRef = 6556517F24BC0CE5892FCBAF /* ARHIFutureContext.h */; settings = {ATTRIBUTES = (Public, ); }; };
		6BCFFF3A1957F9F90016B61F /* ARHIExecutionPool.h in Headers */ = {isa = PBXBuildFile; fileRef = 655652BBB4A2DDB5B51BA4CB /* ARHIExecutionPool.h */; settings = {ATTRIBUTES = (Public, ); }; };
		6BCFFF3B1957F9F90016B61F /* ARHCExecutionPoolFactory.h in Headers */ = {isa = PBXBuildFile; fileRef = 6556582CFCB881E63DF8545D /* ARHCExecutionPoolFactory.h */; settings = {ATTRIBUTES = (Public, ); }; };
		6BCFFF3C1957F9F90016B61F /* ARHIHandlingChainQueueDelegate.h in Headers */ = {isa = PBXBuildFile; fileRef = 65565F33EA63A1B69C12DE9C /* ARHIHandlingChainQueueDelegate.h */; settings = {ATTRIBUTES = (Public, ); }; };
		6BCFFF3D1957F9F90016B61F /* ARHIHandlingChainQueue.h in Headers */ = {isa = PBXBuildFile; fileRef = 655653929CA8A9A37CE72BB3 /* ARHIHandlingChainQueue.h */; settings = {ATTRIBUTES = (Public, ); }; };
		6BCFFF3E1957F9F90016B61F /* ARHIErrorPD.h in Headers */ = {isa = PBXBuildFile; fileRef = 65565D5D9C19632B3F23D72B /* ARHIErrorPD.h */; settings = {ATTRIBUTES = (Public, ); }; };
		6BCFFF3F1957F9F90016B61F /* ARHIPropertiesDescriptor.h in Headers */ = {isa = PBXBuildFile; fileRef = 6556599D3F88C58946E70226 /* ARHIPropertiesDescriptor.h */; settings = {ATTRIBUTES = (Public, ); }; };
		6BCFFF401957F9F90016B61F /* ARHIContextInspectorPD.h in Headers */ = {isa = PBXBuildFile; fileRef = 655650C47F7FE31BA8A18622 /* ARHIContextInspectorPD.h */; settings = {ATTRIBUTES = (Public, ); }; };
		6BCFFF411957F9F90016B61F /* ARHCMutableDictionaryPropertiesAdapter.h in Headers */ = {isa = PBXBuildFile; fileRef = 65565A5E653D5F4ED3B27031 /* ARHCMutableDictionaryPropertiesAdapter.h */; settings = {ATTRIBUTES = (Public, ); }; };
		6BCFFF421957F9F90016B61F /* ARHCErrorHolder.h in Headers */ = {isa = PBXBuildFile; fileRef = 6556563BCB8B59AE2A6B2EB2 /* ARHCErrorHolder.h */; settings = {ATTRIBUTES = (Public, ); }; };
		6BCFFF431957F9F90016B61F /* ARHIChainContextInspector.h in Headers */ = {isa = PBXBuildFile; fileRef = 655655960A42AA690E5C0D92 /* ARHIChainContextInspector.h */; settings = {ATTRIBUTES = (Public, ); }; };
		6BCFFF441957F9F90016B61F /* ARHCEnumerableWeakReferencesCollection.h in Headers */ = {isa = PBXBuildFile; fileRef = 6556558F72594D8B90DED674 /* ARHCEnumerableWeakReferencesCollection.h */; settings = {ATTRIBUTES = (Public, ); }; };
		6BCFFF451957FB580016B61F /* CEErrorNotification.h in Headers */ = {isa = PBXBuildFile; fileRef = 65565EDF7EAAF81B4197B509 /* CEErrorNotification.h */; };
		6BCFFF461957FB580016B61F /* CECompleteNotification.h in Headers */ = {isa = PBXBuildFile; fileRef = 65565BE8C80577ACC9BA2ABC /* CECompleteNotification.h */; };
		6BCFFF471957FB580016B61F /* IChainElementPrivate.h in Headers */ = {isa = PBXBuildFile; fileRef = 6556557E7D4D867A67CA7B87 /* IChainElementPrivate.h */; };
		6BCFFF481957FB580016B61F /* CSingleExecutionQueuePool.h in Headers */ = {isa = PBXBuildFile; fileRef = 65565AFEAF1C311CA165B4FC /* CSingleExecutionQueuePool.h */; };
		6BCFFF491957FB580016B61F /* CSerialExecutionQueuePool.h in Headers */ = {isa = PBXBuildFile; fileRef = 655654762610E76003428F03 /* CSerialExecutionQueuePool.h */; };
		6BCFFF4A1957FB580016B61F /* CExecutionQueuePool.h in Headers */ = {isa = PBXBuildFile; fileRef = 655650ED72089DDF6E18C233 /* CExecutionQueuePool.h */; };
		6BCFFF4B1957FB580016B61F /* CConcurrentExecutionQueuePool.h in Headers */ = {isa = PBXBuildFile; fileRef = 6556500151DACB193261CCD8 /* CConcurrentExecutionQueuePool.h */; };
		6BCFFF4C1957FB580016B61F /* CFutureContext.h in Headers */ = {isa = PBXBuildFile; fileRef = 655655600DA0AA2504440445 /* CFutureContext.h */; };
		6BCFFF4D1957FB580016B61F /* IHandlingChainQueuePrivate.h in Headers */ = {isa = PBXBuildFile; fileRef = 65565AFB143E65BE37E4A5A8 /* IHandlingChainQueuePrivate.h */; };
		6BCFFF4E1957FB580016B61F /* CHandlingChainQueue.h in Headers */ = {isa = PBXBuildFile; fileRef = 6556507C5A657C7858B86C63 /* CHandlingChainQueue.h */; };
		6BCFFF4F1957FB580016B61F /* CHandlingChainQueueBuilder.h in Headers */ = {isa = PBXBuildFile; fileRef = 65565E5FF2A64630D6913CAE /* CHandlingChainQueueBuilder.h */; };
		6BCFFF501957FB580016B61F /* IAdaptedPropertyAccessor.h in Headers */ = {isa = PBXBuildFile; fileRef = 65565AEBAB46CB63E072A4CA /* IAdaptedPropertyAccessor.h */; };
		6BCFFF511957FB580016B61F /* AbstractAccessorFactory.h in Headers */ = {isa = PBXBuildFile; fileRef = 655657B11FAFB2E547E3C868 /* AbstractAccessorFactory.h */; };
		6BCFFF521957FB580016B61F /* AbstractAdaptedPropertyAccessor.h in Headers */ = {isa = PBXBuildFile; fileRef = 65565C60CC18CD3CB9A05E36 /* AbstractAdaptedPropertyAccessor.h */; };
		6BCFFF531957FB580016B61F /* CAdaptedCommonPresented.h in Headers */ = {isa = PBXBuildFile; fileRef = 65565BDE4034E81453FB742D /* CAdaptedCommonPresented.h */; };
		6BCFFF541957FB580016B61F /* CAdaptedCommonSetter.h in Headers */ = {isa = PBXBuildFile; fileRef = 65565E4EEB5E98042C21831F /* CAdaptedCommonSetter.h */; };
		6BCFFF551957FB580016B61F /* CAdaptedCommonGetter.h in Headers */ = {isa = PBXBuildFile; fileRef = 655653AE94A62D83D045D1C4 /* CAdaptedCommonGetter.h */; };
		6BCFFF561957FB580016B61F /* CAdaptedObjectStrongGetter.h in Headers */ = {isa = PBXBuildFile; fileRef = 655659059749B2AD950B507E /* CAdaptedObjectStrongGetter.h */; };
		6BCFFF571957FB580016B61F /* CAdaptedObjectWeakGetter.h in Headers */ = {isa = PBXBuildFile; fileRef = 655652C712D1464FF4718FAA /* CAdaptedObjectWeakGetter.h */; };
		6BCFFF581957FB580016B61F /* CAdaptedScalarNumberGetter.h in Headers */ = {isa = PBXBuildFile; fileRef = 655659D9521857347AA79209 /* CAdaptedScalarNumberGetter.h */; };
		6BCFFF591957FB580016B61F /* CAdaptedStructureGetter.h in Headers */ = {isa = PBXBuildFile; fileRef = 65565CFB8690C1900E08AE39 /* CAdaptedStructureGetter.h */; };
		6BCFFF5A1957FB580016B61F /* CAdaptedSelectorGetter.h in Headers */ = {isa = PBXBuildFile; fileRef = 655652E46E092A3B04BD349C /* CAdaptedSelectorGetter.h */; };
		6BCFFF5B1957FB580016B61F /* CAdaptedClassGetter.h in Headers */ = {isa = PBXBuildFile; fileRef = 65565CECA3DF79039C60DB96 /* CAdaptedClassGetter.h */; };
		6BCFFF5C1957FB580016B61F /* CAdaptedObjectStrongSetter.h in Headers */ = {isa = PBXBuildFile; fileRef = 65565AE051A3DAF3AF99F5DB /* CAdaptedObjectStrongSetter.h */; };
		6BCFFF5D1957FB580016B61F /* CAdaptedObjectWeakSetter.h in Headers */ = {isa = PBXBuildFile; fileRef = 65565A5B8A94BDDA690D465A /* CAdaptedObjectWeakSetter.h */; };
		6BCFFF5E1957FB580016B61F /* CAdaptedScalarNumberSetter.h in Headers */ = {isa = PBXBuildFile; fileRef = 65565664A59614EFF8D69AB9 /* CAdaptedScalarNumberSetter.h */; };
		6BCFFF5F1957FB580016B61F /* CAdaptedStructureSetter.h in Headers */ = {isa = PBXBuildFile; fileRef = 65565ACDD03E1A82C576795F /* CAdaptedStructureSetter.h */; };
		6BCFFF601957FB580016B61F /* CAdaptedSelectorSetter.h in Headers */ = {isa = PBXBuildFile; fileRef = 65565ED3324F72B4DDCA1596 /* CAdaptedSelectorSetter.h */; };
		6BCFFF611957FB580016B61F /* CAdaptedClassSetter.h in Headers */ = {isa = PBXBuildFile; fileRef = 655651FCA6859F19ECA58248 /* CAdaptedClassSetter.h */; };
		6BCFFF621957FB580016B61F /* CCommonAccessorFactory.h in Headers */ = {isa = PBXBuildFile; fileRef = 65565F7B730E0020D1B99C98 /* CCommonAccessorFactory.h */; };
		6BCFFF631957FB580016B61F /* CObjectStrongAccessorFactory.h in Headers */ = {isa = PBXBuildFile; fileRef = 6556501802FC5F163A2BB61D /* CObjectStrongAccessorFactory.h */; };
		6BCFFF641957FB580016B61F /* CObjectWeakAccessorFactory.h in Headers */ = {isa = PBXBuildFile; fileRef = 6556589FC2955A959DE74DEF /* CObjectWeakAccessorFactory.h */; };
		6BCFFF651957FB580016B61F /* CScalarNumberAccessorFactory.h in Headers */ = {isa = PBXBuildFile; fileRef = 655657AB836D1D111885193F /* CScalarNumberAccessorFactory.h */; };
		6BCFFF661957FB580016B61F /* CStructureAccessorFactory.h in Headers */ = {isa = PBXBuildFile; fileRef = 655651B00966D15E9FB355DA /* CStructureAccessorFactory.h */; };
		6BCFFF671957FB580016B61F /* CSelectorAccessorFactory.h in Headers */ = {isa = PBXBuildFile; fileRef = 65565E6B57BEF1F19111E8F5 /* CSelectorAccessorFactory.h */; };
		6BCFFF681957FB580016B61F /* CClassAccessorFactory.h in Headers */ = {isa = PBXBuildFile; fileRef = 6556586FB5DC34F7C5404261 /* CClassAccessorFactory.h */; };
		6BCFFF691957FB580016B61F /* CWeakObjectHolder.h in Headers */ = {isa = PBXBuildFile; fileRef = 65565C8602FF4158100BFABA /* CWeakObjectHolder.h */; };
		6BCFFF6A1957FB580016B61F /* CChildProtocols.h in Headers */ = {isa = PBXBuildFile; fileRef = 65565065FE8558DCA9D90B99 /* CChildProtocols.h */; };
		6BCFFF6B1957FB580016B61F /* CPropertyInfosForProtocol.h in Headers */ = {isa = PBXBuildFile; fileRef = 65565A4F2F78EEB1183AC2F1 /* CPropertyInfosForProtocol.h */; };
		6BCFFF6C1957FB580016B61F /* CPropertiesDescriptorsAccessorsHolder.h in Headers */ = {isa = PBXBuildFile; fileRef = 655651B5C64E1323B7C88488 /* CPropertiesDescriptorsAccessorsHolder.h */; };
		6BCFFF6D1957FB580016B61F /* ARHCPropertyInfo.h in Headers */ = {isa = PBXBuildFile; fileRef = 6556501D72E19B75AEA12245 /* ARHCPropertyInfo.h */; };
		6BCFFF6E1957FB580016B61F /* CWeakReferencesSentry.h in Headers */ = {isa = PBXBuildFile; fileRef = 655655AC46784EED6D89326B /* CWeakReferencesSentry.h */; };
/* End PBXBuildFile section */

/* Begin PBXContainerItemProxy section */
		6BC093CA1938B8C700E68EEA /* PBXContainerItemProxy */ = {
			isa = PBXContainerItemProxy;
			containerPortal = 6BC093AC1938B8C700E68EEA /* Project object */;
			proxyType = 1;
			remoteGlobalIDString = 6BC093B31938B8C700E68EEA;
			remoteInfo = ARHandlingChains;
		};
/* End PBXContainerItemProxy section */

/* Begin PBXFileReference section */
		6556500151DACB193261CCD8 /* CConcurrentExecutionQueuePool.h */ = {isa = PBXFileReference; fileEncoding = 4; lastKnownFileType = sourcecode.c.h; path = CConcurrentExecutionQueuePool.h; sourceTree = "<group>"; };
		6556501802FC5F163A2BB61D /* CObjectStrongAccessorFactory.h */ = {isa = PBXFileReference; fileEncoding = 4; lastKnownFileType = sourcecode.c.h; path = CObjectStrongAccessorFactory.h; sourceTree = "<group>"; };
		6556501D72E19B75AEA12245 /* ARHCPropertyInfo.h */ = {isa = PBXFileReference; fileEncoding = 4; lastKnownFileType = sourcecode.c.h; path = ARHCPropertyInfo.h; sourceTree = "<group>"; };
		6556504173C3B52341E2DEA4 /* ARHCEnumerableWeakReferencesCollection.m */ = {isa = PBXFileReference; fileEncoding = 4; lastKnownFileType = sourcecode.c.objc; path = ARHCEnumerableWeakReferencesCollection.m; sourceTree = "<group>"; };
		65565065FE8558DCA9D90B99 /* CChildProtocols.h */ = {isa = PBXFileReference; fileEncoding = 4; lastKnownFileType = sourcecode.c.h; path = CChildProtocols.h; sourceTree = "<group>"; };
		6556507C5A657C7858B86C63 /* CHandlingChainQueue.h */ = {isa = PBXFileReference; fileEncoding = 4; lastKnownFileType = sourcecode.c.h; path = CHandlingChainQueue.h; sourceTree = "<group>"; };
		6556508148697676B7F2C1E7 /* ARHCErrorHolder.m */ = {isa = PBXFileReference; fileEncoding = 4; lastKnownFileType = sourcecode.c.objc; path = ARHCErrorHolder.m; sourceTree = "<group>"; };
		655650AAB9F9F169A00622BE /* CAdaptedStructureSetter.m */ = {isa = PBXFileReference; fileEncoding = 4; lastKnownFileType = sourcecode.c.objc; path = CAdaptedStructureSetter.m; sourceTree = "<group>"; };
		655650B1251ADC0E12987935 /* CStructureAccessorFactory.m */ = {isa = PBXFileReference; fileEncoding = 4; lastKnownFileType = sourcecode.c.objc; path = CStructureAccessorFactory.m; sourceTree = "<group>"; };
		655650C47F7FE31BA8A18622 /* ARHIContextInspectorPD.h */ = {isa = PBXFileReference; fileEncoding = 4; lastKnownFileType = sourcecode.c.h; path = ARHIContextInspectorPD.h; sourceTree = "<group>"; };
		655650ED72089DDF6E18C233 /* CExecutionQueuePool.h */ = {isa = PBXFileReference; fileEncoding = 4; lastKnownFileType = sourcecode.c.h; path = CExecutionQueuePool.h; sourceTree = "<group>"; };
		655651002B6308B9DD4B982A /* ARHAbstractHandlingChain.h */ = {isa = PBXFileReference; fileEncoding = 4; lastKnownFileType = sourcecode.c.h; path = ARHAbstractHandlingChain.h; sourceTree = "<group>"; };
		65565111F75535C93A2E2C44 /* ARHCPropertyInfo.m */ = {isa = PBXFileReference; fileEncoding = 4; lastKnownFileType = sourcecode.c.objc; path = ARHCPropertyInfo.m; sourceTree = "<group>"; };
		6556516889621B646AAD05E2 /* CHandlingChainQueueBuilder.m */ = {isa = PBXFileReference; fileEncoding = 4; lastKnownFileType = sourcecode.c.objc; path = CHandlingChainQueueBuilder.m; sourceTree = "<group>"; };
		6556517F24BC0CE5892FCBAF /* ARHIFutureContext.h */ = {isa = PBXFileReference; fileEncoding = 4; lastKnownFileType = sourcecode.c.h; path = ARHIFutureContext.h; sourceTree = "<group>"; };
		6556518A0A3B5017CCE18333 /* CPropertiesDescriptorsAccessorsHolderTest.m */ = {isa = PBXFileReference; fileEncoding = 4; lastKnownFileType = sourcecode.c.objc; path = CPropertiesDescriptorsAccessorsHolderTest.m; sourceTree = "<group>"; };
		655651B00966D15E9FB355DA /* CStructureAccessorFactory.h */ = {isa = PBXFileReference; fileEncoding = 4; lastKnownFileType = sourcecode.c.h; path = CStructureAccessorFactory.h; sourceTree = "<group>"; };
		655651B5C64E1323B7C88488 /* CPropertiesDescriptorsAccessorsHolder.h */ = {isa = PBXFileReference; fileEncoding = 4; lastKnownFileType = sourcecode.c.h; path = CPropertiesDescriptorsAccessorsHolder.h; sourceTree = "<group>"; };
		655651EF18BC539679EBA8DD /* CPropertyInfosForProtocol.m */ = {isa = PBXFileReference; fileEncoding = 4; lastKnownFileType = sourcecode.c.objc; path = CPropertyInfosForProtocol.m; sourceTree = "<group>"; };
		655651FCA6859F19ECA58248 /* CAdaptedClassSetter.h */ = {isa = PBXFileReference; fileEncoding = 4; lastKnownFileType = sourcecode.c.h; path = CAdaptedClassSetter.h; sourceTree = "<group>"; };
		6556529ED78AF6165A9B6C1A /* CAdaptedStructureGetterAndSetterTest.m */ = {isa = PBXFileReference; fileEncoding = 4; lastKnownFileType = sourcecode.c.objc; path = CAdaptedStructureGetterAndSetterTest.m; sourceTree = "<group>"; };
		6556529F994C7AFD73278209 /* AbstractAdaptedPropertyAccessor.m */ = {isa = PBXFileReference; fileEncoding = 4; lastKnownFileType = sourcecode.c.objc; path = AbstractAdaptedPropertyAccessor.m; sourceTree = "<group>"; };
		655652BBB4A2DDB5B51BA4CB /* ARHIExecutionPool.h */ = {isa = PBXFileReference; fileEncoding = 4; lastKnownFileType = sourcecode.c.h; path = ARHIExecutionPool.h; sourceTree = "<group>"; };
		655652C712D1464FF4718FAA /* CAdaptedObjectWeakGetter.h */ = {isa = PBXFileReference; fileEncoding = 4; lastKnownFileType = sourcecode.c.h; path = CAdaptedObjectWeakGetter.h; sourceTree = "<group>"; };
		655652E46E092A3B04BD349C /* CAdaptedSelectorGetter.h */ = {isa = PBXFileReference; fileEncoding = 4; lastKnownFileType = sourcecode.c.h; path = CAdaptedSelectorGetter.h; sourceTree = "<group>"; };
		65565305B2D86E5197EE569C /* CObjectWeakAccessorFactory.m */ = {isa = PBXFileReference; fileEncoding = 4; lastKnownFileType = sourcecode.c.objc; path = CObjectWeakAccessorFactory.m; sourceTree = "<group>"; };
		65565315F7BAB870229B9067 /* CSingleExecutionQueuePool.m */ = {isa = PBXFileReference; fileEncoding = 4; lastKnownFileType = sourcecode.c.objc; path = CSingleExecutionQueuePool.m; sourceTree = "<group>"; };
		65565328FBCB2A7C18379AAF /* CAdaptedClassSetter.m */ = {isa = PBXFileReference; fileEncoding = 4; lastKnownFileType = sourcecode.c.objc; path = CAdaptedClassSetter.m; sourceTree = "<group>"; };
		6556532B7AA2309D230B6B47 /* CWeakReferencesSentry.m */ = {isa = PBXFileReference; fileEncoding = 4; lastKnownFileType = sourcecode.c.objc; path = CWeakReferencesSentry.m; sourceTree = "<group>"; };
		6556537E7AE86430881DF16C /* CAdaptedSelectorGetter.m */ = {isa = PBXFileReference; fileEncoding = 4; lastKnownFileType = sourcecode.c.objc; path = CAdaptedSelectorGetter.m; sourceTree = "<group>"; };
		655653929CA8A9A37CE72BB3 /* ARHIHandlingChainQueue.h */ = {isa = PBXFileReference; fileEncoding = 4; lastKnownFileType = sourcecode.c.h; path = ARHIHandlingChainQueue.h; sourceTree = "<group>"; };
		655653AE94A62D83D045D1C4 /* CAdaptedCommonGetter.h */ = {isa = PBXFileReference; fileEncoding = 4; lastKnownFileType = sourcecode.c.h; path = CAdaptedCommonGetter.h; sourceTree = "<group>"; };
		655653FDDBC6D77E4AB7690B /* ITestParentProtocol.h */ = {isa = PBXFileReference; fileEncoding = 4; lastKnownFileType = sourcecode.c.h; path = ITestParentProtocol.h; sourceTree = "<group>"; };
		65565402C15709B01957796F /* CAdaptedScalarNumberGetter.m */ = {isa = PBXFileReference; fileEncoding = 4; lastKnownFileType = sourcecode.c.objc; path = CAdaptedScalarNumberGetter.m; sourceTree = "<group>"; };
		655654762610E76003428F03 /* CSerialExecutionQueuePool.h */ = {isa = PBXFileReference; fileEncoding = 4; lastKnownFileType = sourcecode.c.h; path = CSerialExecutionQueuePool.h; sourceTree = "<group>"; };
		655654A34938AAFD145F167E /* CChildProtocolsTest.m */ = {isa = PBXFileReference; fileEncoding = 4; lastKnownFileType = sourcecode.c.objc; path = CChildProtocolsTest.m; sourceTree = "<group>"; };
		655654EAB14BCCA5994CBC73 /* CAdaptedClassGetter.m */ = {isa = PBXFileReference; fileEncoding = 4; lastKnownFileType = sourcecode.c.objc; path = CAdaptedClassGetter.m; sourceTree = "<group>"; };
		655654F855EFA2E00D2FB5CD /* CChildProtocols.m */ = {isa = PBXFileReference; fileEncoding = 4; lastKnownFileType = sourcecode.c.objc; path = CChildProtocols.m; sourceTree = "<group>"; };
		655655353A76331A766A6606 /* CAdaptedCommonGetter.m */ = {isa = PBXFileReference; fileEncoding = 4; lastKnownFileType = sourcecode.c.objc; path = CAdaptedCommonGetter.m; sourceTree = "<group>"; };
		655655600DA0AA2504440445 /* CFutureContext.h */ = {isa = PBXFileReference; fileEncoding = 4; lastKnownFileType = sourcecode.c.h; path = CFutureContext.h; sourceTree = "<group>"; };
		6556556436E67D4283FFC0A5 /* ARHCCommonChainElement.m */ = {isa = PBXFileReference; fileEncoding = 4; lastKnownFileType = sourcecode.c.objc; path = ARHCCommonChainElement.m; sourceTree = "<group>"; };
		6556557E7D4D867A67CA7B87 /* IChainElementPrivate.h */ = {isa = PBXFileReference; fileEncoding = 4; lastKnownFileType = sourcecode.c.h; path = IChainElementPrivate.h; sourceTree = "<group>"; };
		6556558F72594D8B90DED674 /* ARHCEnumerableWeakReferencesCollection.h */ = {isa = PBXFileReference; fileEncoding = 4; lastKnownFileType = sourcecode.c.h; path = ARHCEnumerableWeakReferencesCollection.h; sourceTree = "<group>"; };
		655655960A42AA690E5C0D92 /* ARHIChainContextInspector.h */ = {isa = PBXFileReference; fileEncoding = 4; lastKnownFileType = sourcecode.c.h; path = ARHIChainContextInspector.h; sourceTree = "<group>"; };
		655655AC46784EED6D89326B /* CWeakReferencesSentry.h */ = {isa = PBXFileReference; fileEncoding = 4; lastKnownFileType = sourcecode.c.h; path = CWeakReferencesSentry.h; sourceTree = "<group>"; };
		6556562979B92B935695AE27 /* ARHCCommonChainElement.h */ = {isa = PBXFileReference; fileEncoding = 4; lastKnownFileType = sourcecode.c.h; path = ARHCCommonChainElement.h; sourceTree = "<group>"; };
		6556563BCB8B59AE2A6B2EB2 /* ARHCErrorHolder.h */ = {isa = PBXFileReference; fileEncoding = 4; lastKnownFileType = sourcecode.c.h; path = ARHCErrorHolder.h; sourceTree = "<group>"; };
		65565664A59614EFF8D69AB9 /* CAdaptedScalarNumberSetter.h */ = {isa = PBXFileReference; fileEncoding = 4; lastKnownFileType = sourcecode.c.h; path = CAdaptedScalarNumberSetter.h; sourceTree = "<group>"; };
		6556567014C909BE514F1B54 /* CHandlingChainQueue.m */ = {isa = PBXFileReference; fileEncoding = 4; lastKnownFileType = sourcecode.c.objc; path = CHandlingChainQueue.m; sourceTree = "<group>"; };
		6556569DE4441CB181E97A22 /* CEErrorNotification.m */ = {isa = PBXFileReference; fileEncoding = 4; lastKnownFileType = sourcecode.c.objc; path = CEErrorNotification.m; sourceTree = "<group>"; };
		655656D617813D64E4B2EA65 /* CClassAccessorFactory.m */ = {isa = PBXFileReference; fileEncoding = 4; lastKnownFileType = sourcecode.c.objc; path = CClassAccessorFactory.m; sourceTree = "<group>"; };
		655656F5F47AEE2E0CDE385F /* CObjectStrongAccessorFactory.m */ = {isa = PBXFileReference; fileEncoding = 4; lastKnownFileType = sourcecode.c.objc; path = CObjectStrongAccessorFactory.m; sourceTree = "<group>"; };
		6556571C7279DCDFF611B58D /* ARHCCommonHandlingChain.h */ = {isa = PBXFileReference; fileEncoding = 4; lastKnownFileType = sourcecode.c.h; path = ARHCCommonHandlingChain.h; sourceTree = "<group>"; };
		65565723A99310CE207EB225 /* CAdaptedStructureGetter.m */ = {isa = PBXFileReference; fileEncoding = 4; lastKnownFileType = sourcecode.c.objc; path = CAdaptedStructureGetter.m; sourceTree = "<group>"; };
		655657AB836D1D111885193F /* CScalarNumberAccessorFactory.h */ = {isa = PBXFileReference; fileEncoding = 4; lastKnownFileType = sourcecode.c.h; path = CScalarNumberAccessorFactory.h; sourceTree = "<group>"; };
		655657B11FAFB2E547E3C868 /* AbstractAccessorFactory.h */ = {isa = PBXFileReference; fileEncoding = 4; lastKnownFileType = sourcecode.c.h; path = AbstractAccessorFactory.h; sourceTree = "<group>"; };
		655657C8D0FCFEB8FAE7AD53 /* CAdaptedCommonSettersAndGettersTest.m */ = {isa = PBXFileReference; fileEncoding = 4; lastKnownFileType = sourcecode.c.objc; path = CAdaptedCommonSettersAndGettersTest.m; sourceTree = "<group>"; };
		655657EC39BE385E4BE893B2 /* CAdaptedScalarNumberSetter.m */ = {isa = PBXFileReference; fileEncoding = 4; lastKnownFileType = sourcecode.c.objc; path = CAdaptedScalarNumberSetter.m; sourceTree = "<group>"; };
		6556580DD8BAE70F58C0B36E /* CConcurrentExecutionQueuePool.m */ = {isa = PBXFileReference; fileEncoding = 4; lastKnownFileType = sourcecode.c.objc; path = CConcurrentExecutionQueuePool.m; sourceTree = "<group>"; };
		6556582CFCB881E63DF8545D /* ARHCExecutionPoolFactory.h */ = {isa = PBXFileReference; fileEncoding = 4; lastKnownFileType = sourcecode.c.h; path = ARHCExecutionPoolFactory.h; sourceTree = "<group>"; };
		6556586FB5DC34F7C5404261 /* CClassAccessorFactory.h */ = {isa = PBXFileReference; fileEncoding = 4; lastKnownFileType = sourcecode.c.h; path = CClassAccessorFactory.h; sourceTree = "<group>"; };
		6556589ECA06E97E4B7E56D5 /* CITestPropertyDescriptor.h */ = {isa = PBXFileReference; fileEncoding = 4; lastKnownFileType = sourcecode.c.h; path = CITestPropertyDescriptor.h; sourceTree = "<group>"; };
		6556589FC2955A959DE74DEF /* CObjectWeakAccessorFactory.h */ = {isa = PBXFileReference; fileEncoding = 4; lastKnownFileType = sourcecode.c.h; path = CObjectWeakAccessorFactory.h; sourceTree = "<group>"; };
		655658B7415723EB7B842968 /* ITestChildThree.h */ = {isa = PBXFileReference; fileEncoding = 4; lastKnownFileType = sourcecode.c.h; path = ITestChildThree.h; sourceTree = "<group>"; };
		655658BA9D77F629381EDCF3 /* CAdaptedCommonPresented.m */ = {isa = PBXFileReference; fileEncoding = 4; lastKnownFileType = sourcecode.c.objc; path = CAdaptedCommonPresented.m; sourceTree = "<group>"; };
		655658DF7F49779A0FCA10DB /* ARHCEInspectContextChainElement.h */ = {isa = PBXFileReference; fileEncoding = 4; lastKnownFileType = sourcecode.c.h; path = ARHCEInspectContextChainElement.h; sourceTree = "<group>"; };
		655659059749B2AD950B507E /* CAdaptedObjectStrongGetter.h */ = {isa = PBXFileReference; fileEncoding = 4; lastKnownFileType = sourcecode.c.h; path = CAdaptedObjectStrongGetter.h; sourceTree = "<group>"; };
		6556599D3F88C58946E70226 /* ARHIPropertiesDescriptor.h */ = {isa = PBXFileReference; fileEncoding = 4; lastKnownFileType = sourcecode.c.h; path = ARHIPropertiesDescriptor.h; sourceTree = "<group>"; };
		655659D9521857347AA79209 /* CAdaptedScalarNumberGetter.h */ = {isa = PBXFileReference; fileEncoding = 4; lastKnownFileType = sourcecode.c.h; path = CAdaptedScalarNumberGetter.h; sourceTree = "<group>"; };
		655659FEA39D2E9728B60EBA /* CAdaptedSelectorGetterAndSetterTest.m */ = {isa = PBXFileReference; fileEncoding = 4; lastKnownFileType = sourcecode.c.objc; path = CAdaptedSelectorGetterAndSetterTest.m; sourceTree = "<group>"; };
		65565A3CF6EA5D76D9776369 /* CCommonAccessorFactory.m */ = {isa = PBXFileReference; fileEncoding = 4; lastKnownFileType = sourcecode.c.objc; path = CCommonAccessorFactory.m; sourceTree = "<group>"; };
		65565A46EF581B09C9704DA7 /* CPropertiesDescriptorsAccessorsHolder.m */ = {isa = PBXFileReference; fileEncoding = 4; lastKnownFileType = sourcecode.c.objc; path = CPropertiesDescriptorsAccessorsHolder.m; sourceTree = "<group>"; };
		65565A4F2F78EEB1183AC2F1 /* CPropertyInfosForProtocol.h */ = {isa = PBXFileReference; fileEncoding = 4; lastKnownFileType = sourcecode.c.h; path = CPropertyInfosForProtocol.h; sourceTree = "<group>"; };
		65565A5B8A94BDDA690D465A /* CAdaptedObjectWeakSetter.h */ = {isa = PBXFileReference; fileEncoding = 4; lastKnownFileType = sourcecode.c.h; path = CAdaptedObjectWeakSetter.h; sourceTree = "<group>"; };
		65565A5E653D5F4ED3B27031 /* ARHCMutableDictionaryPropertiesAdapter.h */ = {isa = PBXFileReference; fileEncoding = 4; lastKnownFileType = sourcecode.c.h; path = ARHCMutableDictionaryPropertiesAdapter.h; sourceTree = "<group>"; };
		65565AB96BAAEAAF4040DB63 /* CECompleteNotification.m */ = {isa = PBXFileReference; fileEncoding = 4; lastKnownFileType = sourcecode.c.objc; path = CECompleteNotification.m; sourceTree = "<group>"; };
		65565ACDD03E1A82C576795F /* CAdaptedStructureSetter.h */ = {isa = PBXFileReference; fileEncoding = 4; lastKnownFileType = sourcecode.c.h; path = CAdaptedStructureSetter.h; sourceTree = "<group>"; };
		65565ACDFD3D473F75596E53 /* CFutureContext.m */ = {isa = PBXFileReference; fileEncoding = 4; lastKnownFileType = sourcecode.c.objc; path = CFutureContext.m; sourceTree = "<group>"; };
		65565ADA6BE84D57F7E7ECAD /* ARHAbstractChainElement.h */ = {isa = PBXFileReference; fileEncoding = 4; lastKnownFileType = sourcecode.c.h; path = ARHAbstractChainElement.h; sourceTree = "<group>"; };
		65565AE051A3DAF3AF99F5DB /* CAdaptedObjectStrongSetter.h */ = {isa = PBXFileReference; fileEncoding = 4; lastKnownFileType = sourcecode.c.h; path = CAdaptedObjectStrongSetter.h; sourceTree = "<group>"; };
		65565AEBAB46CB63E072A4CA /* IAdaptedPropertyAccessor.h */ = {isa = PBXFileReference; fileEncoding = 4; lastKnownFileType = sourcecode.c.h; path = IAdaptedPropertyAccessor.h; sourceTree = "<group>"; };
		65565AEE6BD7099911D6D679 /* ARHCEInspectContextChainElement.m */ = {isa = PBXFileReference; fileEncoding = 4; lastKnownFileType = sourcecode.c.objc; path = ARHCEInspectContextChainElement.m; sourceTree = "<group>"; };
		65565AFB143E65BE37E4A5A8 /* IHandlingChainQueuePrivate.h */ = {isa = PBXFileReference; fileEncoding = 4; lastKnownFileType = sourcecode.c.h; path = IHandlingChainQueuePrivate.h; sourceTree = "<group>"; };
		65565AFEAF1C311CA165B4FC /* CSingleExecutionQueuePool.h */ = {isa = PBXFileReference; fileEncoding = 4; lastKnownFileType = sourcecode.c.h; path = CSingleExecutionQueuePool.h; sourceTree = "<group>"; };
		65565BA4AB65515D447B445B /* CSerialExecutionQueuePool.m */ = {isa = PBXFileReference; fileEncoding = 4; lastKnownFileType = sourcecode.c.objc; path = CSerialExecutionQueuePool.m; sourceTree = "<group>"; };
		65565BA687DD5D02CB9E85FC /* CITestSuperPropertyDescriptor.h */ = {isa = PBXFileReference; fileEncoding = 4; lastKnownFileType = sourcecode.c.h; path = CITestSuperPropertyDescriptor.h; sourceTree = "<group>"; };
		65565BA7714A730456CB0863 /* CAdaptedObjectWeakSetter.m */ = {isa = PBXFileReference; fileEncoding = 4; lastKnownFileType = sourcecode.c.objc; path = CAdaptedObjectWeakSetter.m; sourceTree = "<group>"; };
		65565BACB049456CEE5759BE /* ARHAbstractHandlingChain.m */ = {isa = PBXFileReference; fileEncoding = 4; lastKnownFileType = sourcecode.c.objc; path = ARHAbstractHandlingChain.m; sourceTree = "<group>"; };
		65565BB71D0CCFA4D1EFEBAC /* ITestChildTwo.h */ = {isa = PBXFileReference; fileEncoding = 4; lastKnownFileType = sourcecode.c.h; path = ITestChildTwo.h; sourceTree = "<group>"; };
		65565BC451B8AC16D67B7EB5 /* CAdaptedClassGetterAndSetterTest.m */ = {isa = PBXFileReference; fileEncoding = 4; lastKnownFileType = sourcecode.c.objc; path = CAdaptedClassGetterAndSetterTest.m; sourceTree = "<group>"; };
		65565BD081CB1872E1864DA2 /* CScalarNumberAccessorFactory.m */ = {isa = PBXFileReference; fileEncoding = 4; lastKnownFileType = sourcecode.c.objc; path = CScalarNumberAccessorFactory.m; sourceTree = "<group>"; };
		65565BDE4034E81453FB742D /* CAdaptedCommonPresented.h */ = {isa = PBXFileReference; fileEncoding = 4; lastKnownFileType = sourcecode.c.h; path = CAdaptedCommonPresented.h; sourceTree = "<group>"; };
		65565BE2767C2570B1658EF3 /* CExecutionQueuePool.m */ = {isa = PBXFileReference; fileEncoding = 4; lastKnownFileType = sourcecode.c.objc; path = CExecutionQueuePool.m; sourceTree = "<group>"; };
		65565BE8C80577ACC9BA2ABC /* CECompleteNotification.h */ = {isa = PBXFileReference; fileEncoding = 4; lastKnownFileType = sourcecode.c.h; path = CECompleteNotification.h; sourceTree = "<group>"; };
		65565C34D04DF55C6506EF22 /* ARHCCommonHandlingChain.m */ = {isa = PBXFileReference; fileEncoding = 4; lastKnownFileType = sourcecode.c.objc; path = ARHCCommonHandlingChain.m; sourceTree = "<group>"; };
		65565C4D425AC83FC584E0C2 /* CAdaptedCommonSettersAndGettersTest.h */ = {isa = PBXFileReference; fileEncoding = 4; lastKnownFileType = sourcecode.c.h; path = CAdaptedCommonSettersAndGettersTest.h; sourceTree = "<group>"; };
		65565C60CC18CD3CB9A05E36 /* AbstractAdaptedPropertyAccessor.h */ = {isa = PBXFileReference; fileEncoding = 4; lastKnownFileType = sourcecode.c.h; path = AbstractAdaptedPropertyAccessor.h; sourceTree = "<group>"; };
		65565C8602FF4158100BFABA /* CWeakObjectHolder.h */ = {isa = PBXFileReference; fileEncoding = 4; lastKnownFileType = sourcecode.c.h; path = CWeakObjectHolder.h; sourceTree = "<group>"; };
		65565CAF7C6C69E24B3B0200 /* ARHAbstractChainElement.m */ = {isa = PBXFileReference; fileEncoding = 4; lastKnownFileType = sourcecode.c.objc; path = ARHAbstractChainElement.m; sourceTree = "<group>"; };
		65565CECA3DF79039C60DB96 /* CAdaptedClassGetter.h */ = {isa = PBXFileReference; fileEncoding = 4; lastKnownFileType = sourcecode.c.h; path = CAdaptedClassGetter.h; sourceTree = "<group>"; };
		65565CF4B19049F523D2A7A6 /* CAdaptedCommonSetter.m */ = {isa = PBXFileReference; fileEncoding = 4; lastKnownFileType = sourcecode.c.objc; path = CAdaptedCommonSetter.m; sourceTree = "<group>"; };
		65565CFB8690C1900E08AE39 /* CAdaptedStructureGetter.h */ = {isa = PBXFileReference; fileEncoding = 4; lastKnownFileType = sourcecode.c.h; path = CAdaptedStructureGetter.h; sourceTree = "<group>"; };
		65565D048BF9D1B02BB5AC8E /* CAdaptedScalarNumberSetterTest.m */ = {isa = PBXFileReference; fileEncoding = 4; lastKnownFileType = sourcecode.c.objc; path = CAdaptedScalarNumberSetterTest.m; sourceTree = "<group>"; };
		65565D2A7C6419B028A241A3 /* CMutableDictionaryPropertiesAdapterTest.m */ = {isa = PBXFileReference; fileEncoding = 4; lastKnownFileType = sourcecode.c.objc; path = CMutableDictionaryPropertiesAdapterTest.m; sourceTree = "<group>"; };
		65565D3FC4F28FE042865D4F /* CAdaptedObjectStrongGetter.m */ = {isa = PBXFileReference; fileEncoding = 4; lastKnownFileType = sourcecode.c.objc; path = CAdaptedObjectStrongGetter.m; sourceTree = "<group>"; };
		65565D4E00D0843024F6627A /* ITestChildOne.h */ = {isa = PBXFileReference; fileEncoding = 4; lastKnownFileType = sourcecode.c.h; path = ITestChildOne.h; sourceTree = "<group>"; };
		65565D5D9C19632B3F23D72B /* ARHIErrorPD.h */ = {isa = PBXFileReference; fileEncoding = 4; lastKnownFileType = sourcecode.c.h; path = ARHIErrorPD.h; sourceTree = "<group>"; };
		65565E387BDB863585B30C24 /* ARHCMutableDictionaryPropertiesAdapter.m */ = {isa = PBXFileReference; fileEncoding = 4; lastKnownFileType = sourcecode.c.objc; path = ARHCMutableDictionaryPropertiesAdapter.m; sourceTree = "<group>"; };
		65565E4EEB5E98042C21831F /* CAdaptedCommonSetter.h */ = {isa = PBXFileReference; fileEncoding = 4; lastKnownFileType = sourcecode.c.h; path = CAdaptedCommonSetter.h; sourceTree = "<group>"; };
		65565E5FF2A64630D6913CAE /* CHandlingChainQueueBuilder.h */ = {isa = PBXFileReference; fileEncoding = 4; lastKnownFileType = sourcecode.c.h; path = CHandlingChainQueueBuilder.h; sourceTree = "<group>"; };
		65565E6B57BEF1F19111E8F5 /* CSelectorAccessorFactory.h */ = {isa = PBXFileReference; fileEncoding = 4; lastKnownFileType = sourcecode.c.h; path = CSelectorAccessorFactory.h; sourceTree = "<group>"; };
		65565E7BC376C2F3C37EA245 /* CWeakObjectHolder.m */ = {isa = PBXFileReference; fileEncoding = 4; lastKnownFileType = sourcecode.c.objc; path = CWeakObjectHolder.m; sourceTree = "<group>"; };
		65565ED3324F72B4DDCA1596 /* CAdaptedSelectorSetter.h */ = {isa = PBXFileReference; fileEncoding = 4; lastKnownFileType = sourcecode.c.h; path = CAdaptedSelectorSetter.h; sourceTree = "<group>"; };
		65565ED507DBE571812B22C1 /* CSelectorAccessorFactory.m */ = {isa = PBXFileReference; fileEncoding = 4; lastKnownFileType = sourcecode.c.objc; path = CSelectorAccessorFactory.m; sourceTree = "<group>"; };
		65565EDF7EAAF81B4197B509 /* CEErrorNotification.h */ = {isa = PBXFileReference; fileEncoding = 4; lastKnownFileType = sourcecode.c.h; path = CEErrorNotification.h; sourceTree = "<group>"; };
		65565EF4BA338D8FC6CC7269 /* AbstractAccessorFactory.m */ = {isa = PBXFileReference; fileEncoding = 4; lastKnownFileType = sourcecode.c.objc; path = AbstractAccessorFactory.m; sourceTree = "<group>"; };
		65565F1D9A90DAFC75E6B147 /* CAdaptedSelectorSetter.m */ = {isa = PBXFileReference; fileEncoding = 4; lastKnownFileType = sourcecode.c.objc; path = CAdaptedSelectorSetter.m; sourceTree = "<group>"; };
		65565F33EA63A1B69C12DE9C /* ARHIHandlingChainQueueDelegate.h */ = {isa = PBXFileReference; fileEncoding = 4; lastKnownFileType = sourcecode.c.h; path = ARHIHandlingChainQueueDelegate.h; sourceTree = "<group>"; };
		65565F7B730E0020D1B99C98 /* CCommonAccessorFactory.h */ = {isa = PBXFileReference; fileEncoding = 4; lastKnownFileType = sourcecode.c.h; path = CCommonAccessorFactory.h; sourceTree = "<group>"; };
		65565F9994CF78A096C975C5 /* CAdaptedScalarNumberGetterTest.m */ = {isa = PBXFileReference; fileEncoding = 4; lastKnownFileType = sourcecode.c.objc; path = CAdaptedScalarNumberGetterTest.m; sourceTree = "<group>"; };
		65565FBC04714047012784F6 /* CAdaptedObjectStrongSetter.m */ = {isa = PBXFileReference; fileEncoding = 4; lastKnownFileType = sourcecode.c.objc; path = CAdaptedObjectStrongSetter.m; sourceTree = "<group>"; };
		65565FD21FB3200F9D544958 /* ARHCEnumerableWeakReferencesCollectionTest.m */ = {isa = PBXFileReference; fileEncoding = 4; lastKnownFileType = sourcecode.c.objc; path = ARHCEnumerableWeakReferencesCollectionTest.m; sourceTree = "<group>"; };
		65565FD2EBDF9D28B1142C6F /* ARHCExecutionPoolFactory.m */ = {isa = PBXFileReference; fileEncoding = 4; lastKnownFileType = sourcecode.c.objc; path = ARHCExecutionPoolFactory.m; sourceTree = "<group>"; };
		65565FE0C0EA2B9873FC84A8 /* CAdaptedObjectWeakGetter.m */ = {isa = PBXFileReference; fileEncoding = 4; lastKnownFileType = sourcecode.c.objc; path = CAdaptedObjectWeakGetter.m; sourceTree = "<group>"; };
		6BC093B41938B8C700E68EEA /* libARHandlingChains.a */ = {isa = PBXFileReference; explicitFileType = archive.ar; includeInIndex = 0; path = libARHandlingChains.a; sourceTree = BUILT_PRODUCTS_DIR; };
		6BC093B71938B8C700E68EEA /* Foundation.framework */ = {isa = PBXFileReference; lastKnownFileType = wrapper.framework; name = Foundation.framework; path = System/Library/Frameworks/Foundation.framework; sourceTree = SDKROOT; };
		6BC093BB1938B8C700E68EEA /* ARHandlingChains-Prefix.pch */ = {isa = PBXFileReference; lastKnownFileType = sourcecode.c.h; path = "ARHandlingChains-Prefix.pch"; sourceTree = "<group>"; };
		6BC093BC1938B8C700E68EEA /* ARHandlingChains.h */ = {isa = PBXFileReference; lastKnownFileType = sourcecode.c.h; path = ARHandlingChains.h; sourceTree = "<group>"; };
		6BC093C41938B8C700E68EEA /* ARHandlingChainsTests.xctest */ = {isa = PBXFileReference; explicitFileType = wrapper.cfbundle; includeInIndex = 0; path = ARHandlingChainsTests.xctest; sourceTree = BUILT_PRODUCTS_DIR; };
		6BC093C51938B8C700E68EEA /* XCTest.framework */ = {isa = PBXFileReference; lastKnownFileType = wrapper.framework; name = XCTest.framework; path = Library/Frameworks/XCTest.framework; sourceTree = DEVELOPER_DIR; };
		6BC093C81938B8C700E68EEA /* UIKit.framework */ = {isa = PBXFileReference; lastKnownFileType = wrapper.framework; name = UIKit.framework; path = Library/Frameworks/UIKit.framework; sourceTree = DEVELOPER_DIR; };
		6BC093CF1938B8C700E68EEA /* ARHandlingChainsTests-Info.plist */ = {isa = PBXFileReference; lastKnownFileType = text.plist.xml; path = "ARHandlingChainsTests-Info.plist"; sourceTree = "<group>"; };
		6BC093D11938B8C700E68EEA /* en */ = {isa = PBXFileReference; lastKnownFileType = text.plist.strings; name = en; path = en.lproj/InfoPlist.strings; sourceTree = "<group>"; };
		6BC093DF193CB8A000E68EEA /* CPropertyInfoTest.m */ = {isa = PBXFileReference; fileEncoding = 4; lastKnownFileType = sourcecode.c.objc; path = CPropertyInfoTest.m; sourceTree = "<group>"; };
/* End PBXFileReference section */

/* Begin PBXFrameworksBuildPhase section */
		6BC093B11938B8C700E68EEA /* Frameworks */ = {
			isa = PBXFrameworksBuildPhase;
			buildActionMask = 2147483647;
			files = (
				6BC093B81938B8C700E68EEA /* Foundation.framework in Frameworks */,
			);
			runOnlyForDeploymentPostprocessing = 0;
		};
		6BC093C11938B8C700E68EEA /* Frameworks */ = {
			isa = PBXFrameworksBuildPhase;
			buildActionMask = 2147483647;
			files = (
				6BC093C61938B8C700E68EEA /* XCTest.framework in Frameworks */,
				6BC093CC1938B8C700E68EEA /* libARHandlingChains.a in Frameworks */,
				6BC093C91938B8C700E68EEA /* UIKit.framework in Frameworks */,
				6BC093C71938B8C700E68EEA /* Foundation.framework in Frameworks */,
			);
			runOnlyForDeploymentPostprocessing = 0;
		};
/* End PBXFrameworksBuildPhase section */

/* Begin PBXGroup section */
		6556504298830A7789FC9299 /* Accessors */ = {
			isa = PBXGroup;
			children = (
				65565AEBAB46CB63E072A4CA /* IAdaptedPropertyAccessor.h */,
				65565EF4BA338D8FC6CC7269 /* AbstractAccessorFactory.m */,
				655657B11FAFB2E547E3C868 /* AbstractAccessorFactory.h */,
				6556535F69477ABFA767E676 /* AccessorsImplementation */,
				65565ACDD1751450BEF68DF4 /* FactoriesImplementation */,
				655659C7B567FCB50FD3EC57 /* Holders */,
			);
			path = Accessors;
			sourceTree = "<group>";
		};
		6556505F77A712EF07337EE9 /* PropertiesDescriptors */ = {
			isa = PBXGroup;
			children = (
				65565D5D9C19632B3F23D72B /* ARHIErrorPD.h */,
				6556599D3F88C58946E70226 /* ARHIPropertiesDescriptor.h */,
				655650C47F7FE31BA8A18622 /* ARHIContextInspectorPD.h */,
				65565CA9F45543DA89EF3105 /* Tools */,
				6556563BCB8B59AE2A6B2EB2 /* ARHCErrorHolder.h */,
				6556508148697676B7F2C1E7 /* ARHCErrorHolder.m */,
				655655960A42AA690E5C0D92 /* ARHIChainContextInspector.h */,
			);
			path = PropertiesDescriptors;
			sourceTree = "<group>";
		};
		655652986C61075A281FAF8D /* Common */ = {
			isa = PBXGroup;
			children = (
				65565C60CC18CD3CB9A05E36 /* AbstractAdaptedPropertyAccessor.h */,
				655658BA9D77F629381EDCF3 /* CAdaptedCommonPresented.m */,
				65565BDE4034E81453FB742D /* CAdaptedCommonPresented.h */,
				6556529F994C7AFD73278209 /* AbstractAdaptedPropertyAccessor.m */,
				65565CF4B19049F523D2A7A6 /* CAdaptedCommonSetter.m */,
				65565E4EEB5E98042C21831F /* CAdaptedCommonSetter.h */,
				655655353A76331A766A6606 /* CAdaptedCommonGetter.m */,
				655653AE94A62D83D045D1C4 /* CAdaptedCommonGetter.h */,
			);
			path = Common;
			sourceTree = "<group>";
		};
		655652F3964375A772949A6C /* Internal */ = {
			isa = PBXGroup;
			children = (
				65565AB96BAAEAAF4040DB63 /* CECompleteNotification.m */,
				65565EDF7EAAF81B4197B509 /* CEErrorNotification.h */,
				65565BE8C80577ACC9BA2ABC /* CECompleteNotification.h */,
				6556569DE4441CB181E97A22 /* CEErrorNotification.m */,
				6556557E7D4D867A67CA7B87 /* IChainElementPrivate.h */,
			);
			path = Internal;
			sourceTree = "<group>";
		};
		6556535E5ED7C78FC9210D17 /* PropertiesAdapter */ = {
			isa = PBXGroup;
			children = (
				6556518A0A3B5017CCE18333 /* CPropertiesDescriptorsAccessorsHolderTest.m */,
				6556589ECA06E97E4B7E56D5 /* CITestPropertyDescriptor.h */,
				65565BDAB8BC7D53E477010A /* Accessors */,
				6BC093DF193CB8A000E68EEA /* CPropertyInfoTest.m */,
				655657E9F39842E6D18BD639 /* RuntimeTools */,
				65565BA687DD5D02CB9E85FC /* CITestSuperPropertyDescriptor.h */,
				65565D2A7C6419B028A241A3 /* CMutableDictionaryPropertiesAdapterTest.m */,
			);
			path = PropertiesAdapter;
			sourceTree = "<group>";
		};
		6556535F69477ABFA767E676 /* AccessorsImplementation */ = {
			isa = PBXGroup;
			children = (
				655652986C61075A281FAF8D /* Common */,
				65565A6272593B217924EA6F /* Getters */,
				65565F592F10E452E395C06A /* Setters */,
			);
			path = AccessorsImplementation;
			sourceTree = "<group>";
		};
		655653C4819417A34680EC0D /* PropertiesDescriptors */ = {
			isa = PBXGroup;
			children = (
				655656141E335205D08CD537 /* Tools */,
			);
			path = PropertiesDescriptors;
			sourceTree = "<group>";
		};
		655656141E335205D08CD537 /* Tools */ = {
			isa = PBXGroup;
			children = (
				6556535E5ED7C78FC9210D17 /* PropertiesAdapter */,
			);
			path = Tools;
			sourceTree = "<group>";
		};
		6556561B1F651D70DCBEAB47 /* RuntimeTools */ = {
			isa = PBXGroup;
			children = (
				655654F855EFA2E00D2FB5CD /* CChildProtocols.m */,
				65565065FE8558DCA9D90B99 /* CChildProtocols.h */,
				655651EF18BC539679EBA8DD /* CPropertyInfosForProtocol.m */,
				65565A4F2F78EEB1183AC2F1 /* CPropertyInfosForProtocol.h */,
				65565A46EF581B09C9704DA7 /* CPropertiesDescriptorsAccessorsHolder.m */,
				655651B5C64E1323B7C88488 /* CPropertiesDescriptorsAccessorsHolder.h */,
				65565111F75535C93A2E2C44 /* ARHCPropertyInfo.m */,
				6556501D72E19B75AEA12245 /* ARHCPropertyInfo.h */,
			);
			path = RuntimeTools;
			sourceTree = "<group>";
		};
		655656B8F47D9DC334D1A298 /* Pools */ = {
			isa = PBXGroup;
			children = (
				655652BBB4A2DDB5B51BA4CB /* ARHIExecutionPool.h */,
				65565FD2EBDF9D28B1142C6F /* ARHCExecutionPoolFactory.m */,
				6556582CFCB881E63DF8545D /* ARHCExecutionPoolFactory.h */,
				65565DF1AEF4D76BF3885EF6 /* Internal */,
			);
			path = Pools;
			sourceTree = "<group>";
		};
		65565742D29D69329F6BB448 /* Tools */ = {
			isa = PBXGroup;
			children = (
				65565FD21FB3200F9D544958 /* ARHCEnumerableWeakReferencesCollectionTest.m */,
			);
			path = Tools;
			sourceTree = "<group>";
		};
		655657E9F39842E6D18BD639 /* RuntimeTools */ = {
			isa = PBXGroup;
			children = (
				655654A34938AAFD145F167E /* CChildProtocolsTest.m */,
				655653FDDBC6D77E4AB7690B /* ITestParentProtocol.h */,
				65565D4E00D0843024F6627A /* ITestChildOne.h */,
				65565BB71D0CCFA4D1EFEBAC /* ITestChildTwo.h */,
				655658B7415723EB7B842968 /* ITestChildThree.h */,
			);
			path = RuntimeTools;
			sourceTree = "<group>";
		};
		6556581395E96483923505F2 /* Internal */ = {
			isa = PBXGroup;
			children = (
				6556532B7AA2309D230B6B47 /* CWeakReferencesSentry.m */,
				655655AC46784EED6D89326B /* CWeakReferencesSentry.h */,
			);
			path = Internal;
			sourceTree = "<group>";
		};
		655658826E7C3180E3662AAC /* Chain */ = {
			isa = PBXGroup;
			children = (
				65565FC148685968E23DF339 /* Elements */,
				655651002B6308B9DD4B982A /* ARHAbstractHandlingChain.h */,
				6556571C7279DCDFF611B58D /* ARHCCommonHandlingChain.h */,
				65565BACB049456CEE5759BE /* ARHAbstractHandlingChain.m */,
				65565C34D04DF55C6506EF22 /* ARHCCommonHandlingChain.m */,
				6556517F24BC0CE5892FCBAF /* ARHIFutureContext.h */,
				655656B8F47D9DC334D1A298 /* Pools */,
				65565C2B5836D2DC724DE692 /* Queues */,
			);
			path = Chain;
			sourceTree = "<group>";
		};
		655659C7B567FCB50FD3EC57 /* Holders */ = {
			isa = PBXGroup;
			children = (
				65565C8602FF4158100BFABA /* CWeakObjectHolder.h */,
				65565E7BC376C2F3C37EA245 /* CWeakObjectHolder.m */,
			);
			path = Holders;
			sourceTree = "<group>";
		};
		65565A6272593B217924EA6F /* Getters */ = {
			isa = PBXGroup;
			children = (
				65565D3FC4F28FE042865D4F /* CAdaptedObjectStrongGetter.m */,
				655659059749B2AD950B507E /* CAdaptedObjectStrongGetter.h */,
				65565FE0C0EA2B9873FC84A8 /* CAdaptedObjectWeakGetter.m */,
				655652C712D1464FF4718FAA /* CAdaptedObjectWeakGetter.h */,
				65565402C15709B01957796F /* CAdaptedScalarNumberGetter.m */,
				655659D9521857347AA79209 /* CAdaptedScalarNumberGetter.h */,
				65565723A99310CE207EB225 /* CAdaptedStructureGetter.m */,
				65565CFB8690C1900E08AE39 /* CAdaptedStructureGetter.h */,
				6556537E7AE86430881DF16C /* CAdaptedSelectorGetter.m */,
				655652E46E092A3B04BD349C /* CAdaptedSelectorGetter.h */,
				655654EAB14BCCA5994CBC73 /* CAdaptedClassGetter.m */,
				65565CECA3DF79039C60DB96 /* CAdaptedClassGetter.h */,
			);
			path = Getters;
			sourceTree = "<group>";
		};
		65565ACDD1751450BEF68DF4 /* FactoriesImplementation */ = {
			isa = PBXGroup;
			children = (
				65565D73F5F96F475EC252E9 /* Common */,
				65565305B2D86E5197EE569C /* CObjectWeakAccessorFactory.m */,
				6556501802FC5F163A2BB61D /* CObjectStrongAccessorFactory.h */,
				6556589FC2955A959DE74DEF /* CObjectWeakAccessorFactory.h */,
				655656F5F47AEE2E0CDE385F /* CObjectStrongAccessorFactory.m */,
				655657AB836D1D111885193F /* CScalarNumberAccessorFactory.h */,
				65565BD081CB1872E1864DA2 /* CScalarNumberAccessorFactory.m */,
				655650B1251ADC0E12987935 /* CStructureAccessorFactory.m */,
				655651B00966D15E9FB355DA /* CStructureAccessorFactory.h */,
				65565E6B57BEF1F19111E8F5 /* CSelectorAccessorFactory.h */,
				65565ED507DBE571812B22C1 /* CSelectorAccessorFactory.m */,
				655656D617813D64E4B2EA65 /* CClassAccessorFactory.m */,
				6556586FB5DC34F7C5404261 /* CClassAccessorFactory.h */,
			);
			path = FactoriesImplementation;
			sourceTree = "<group>";
		};
		65565B6BF293ACE1984FA37E /* Tools */ = {
			isa = PBXGroup;
			children = (
				6556504173C3B52341E2DEA4 /* ARHCEnumerableWeakReferencesCollection.m */,
				6556558F72594D8B90DED674 /* ARHCEnumerableWeakReferencesCollection.h */,
				6556581395E96483923505F2 /* Internal */,
			);
			path = Tools;
			sourceTree = "<group>";
		};
		65565BDAB8BC7D53E477010A /* Accessors */ = {
			isa = PBXGroup;
			children = (
				65565DA437A5EF9639F3C3F4 /* AccessorsImplementation */,
			);
			path = Accessors;
			sourceTree = "<group>";
		};
		65565C2B5836D2DC724DE692 /* Queues */ = {
			isa = PBXGroup;
			children = (
				65565F33EA63A1B69C12DE9C /* ARHIHandlingChainQueueDelegate.h */,
				655653929CA8A9A37CE72BB3 /* ARHIHandlingChainQueue.h */,
				65565F27D5622DA13C45F698 /* Internal */,
			);
			path = Queues;
			sourceTree = "<group>";
		};
		65565CA9F45543DA89EF3105 /* Tools */ = {
			isa = PBXGroup;
			children = (
				65565D7721E8068EC5751E1A /* PropertiesAdapter */,
			);
			path = Tools;
			sourceTree = "<group>";
		};
		65565D73F5F96F475EC252E9 /* Common */ = {
			isa = PBXGroup;
			children = (
				65565A3CF6EA5D76D9776369 /* CCommonAccessorFactory.m */,
				65565F7B730E0020D1B99C98 /* CCommonAccessorFactory.h */,
			);
			path = Common;
			sourceTree = "<group>";
		};
		65565D7721E8068EC5751E1A /* PropertiesAdapter */ = {
			isa = PBXGroup;
			children = (
				65565E387BDB863585B30C24 /* ARHCMutableDictionaryPropertiesAdapter.m */,
				65565A5E653D5F4ED3B27031 /* ARHCMutableDictionaryPropertiesAdapter.h */,
				6556504298830A7789FC9299 /* Accessors */,
				6556561B1F651D70DCBEAB47 /* RuntimeTools */,
			);
			path = PropertiesAdapter;
			sourceTree = "<group>";
		};
		65565DA437A5EF9639F3C3F4 /* AccessorsImplementation */ = {
			isa = PBXGroup;
			children = (
				6556529ED78AF6165A9B6C1A /* CAdaptedStructureGetterAndSetterTest.m */,
				65565F9994CF78A096C975C5 /* CAdaptedScalarNumberGetterTest.m */,
				65565D048BF9D1B02BB5AC8E /* CAdaptedScalarNumberSetterTest.m */,
				655659FEA39D2E9728B60EBA /* CAdaptedSelectorGetterAndSetterTest.m */,
				655657C8D0FCFEB8FAE7AD53 /* CAdaptedCommonSettersAndGettersTest.m */,
				65565C4D425AC83FC584E0C2 /* CAdaptedCommonSettersAndGettersTest.h */,
				65565BC451B8AC16D67B7EB5 /* CAdaptedClassGetterAndSetterTest.m */,
			);
			path = AccessorsImplementation;
			sourceTree = "<group>";
		};
		65565DF1AEF4D76BF3885EF6 /* Internal */ = {
			isa = PBXGroup;
			children = (
				65565AFEAF1C311CA165B4FC /* CSingleExecutionQueuePool.h */,
				655654762610E76003428F03 /* CSerialExecutionQueuePool.h */,
				65565315F7BAB870229B9067 /* CSingleExecutionQueuePool.m */,
				65565BA4AB65515D447B445B /* CSerialExecutionQueuePool.m */,
				65565BE2767C2570B1658EF3 /* CExecutionQueuePool.m */,
				655650ED72089DDF6E18C233 /* CExecutionQueuePool.h */,
				6556580DD8BAE70F58C0B36E /* CConcurrentExecutionQueuePool.m */,
				6556500151DACB193261CCD8 /* CConcurrentExecutionQueuePool.h */,
			);
			path = Internal;
			sourceTree = "<group>";
		};
		65565F27D5622DA13C45F698 /* Internal */ = {
			isa = PBXGroup;
			children = (
				65565ACDFD3D473F75596E53 /* CFutureContext.m */,
				655655600DA0AA2504440445 /* CFutureContext.h */,
				65565AFB143E65BE37E4A5A8 /* IHandlingChainQueuePrivate.h */,
				6556507C5A657C7858B86C63 /* CHandlingChainQueue.h */,
				65565E5FF2A64630D6913CAE /* CHandlingChainQueueBuilder.h */,
				6556516889621B646AAD05E2 /* CHandlingChainQueueBuilder.m */,
				6556567014C909BE514F1B54 /* CHandlingChainQueue.m */,
			);
			path = Internal;
			sourceTree = "<group>";
		};
		65565F592F10E452E395C06A /* Setters */ = {
			isa = PBXGroup;
			children = (
				65565FBC04714047012784F6 /* CAdaptedObjectStrongSetter.m */,
				65565AE051A3DAF3AF99F5DB /* CAdaptedObjectStrongSetter.h */,
				65565A5B8A94BDDA690D465A /* CAdaptedObjectWeakSetter.h */,
				65565BA7714A730456CB0863 /* CAdaptedObjectWeakSetter.m */,
				655657EC39BE385E4BE893B2 /* CAdaptedScalarNumberSetter.m */,
				65565664A59614EFF8D69AB9 /* CAdaptedScalarNumberSetter.h */,
				65565ACDD03E1A82C576795F /* CAdaptedStructureSetter.h */,
				655650AAB9F9F169A00622BE /* CAdaptedStructureSetter.m */,
				65565F1D9A90DAFC75E6B147 /* CAdaptedSelectorSetter.m */,
				65565ED3324F72B4DDCA1596 /* CAdaptedSelectorSetter.h */,
				65565328FBCB2A7C18379AAF /* CAdaptedClassSetter.m */,
				655651FCA6859F19ECA58248 /* CAdaptedClassSetter.h */,
			);
			path = Setters;
			sourceTree = "<group>";
		};
		65565FC148685968E23DF339 /* Elements */ = {
			isa = PBXGroup;
			children = (
				655658DF7F49779A0FCA10DB /* ARHCEInspectContextChainElement.h */,
				65565AEE6BD7099911D6D679 /* ARHCEInspectContextChainElement.m */,
				655652F3964375A772949A6C /* Internal */,
				65565CAF7C6C69E24B3B0200 /* ARHAbstractChainElement.m */,
				65565ADA6BE84D57F7E7ECAD /* ARHAbstractChainElement.h */,
				6556562979B92B935695AE27 /* ARHCCommonChainElement.h */,
				6556556436E67D4283FFC0A5 /* ARHCCommonChainElement.m */,
			);
			path = Elements;
			sourceTree = "<group>";
		};
		6BC093AB1938B8C700E68EEA = {
			isa = PBXGroup;
			children = (
				6BC093B91938B8C700E68EEA /* ARHandlingChains */,
				6BC093CD1938B8C700E68EEA /* ARHandlingChainsTests */,
				6BC093B61938B8C700E68EEA /* Frameworks */,
				6BC093B51938B8C700E68EEA /* Products */,
			);
			sourceTree = "<group>";
		};
		6BC093B51938B8C700E68EEA /* Products */ = {
			isa = PBXGroup;
			children = (
				6BC093B41938B8C700E68EEA /* libARHandlingChains.a */,
				6BC093C41938B8C700E68EEA /* ARHandlingChainsTests.xctest */,
			);
			name = Products;
			sourceTree = "<group>";
		};
		6BC093B61938B8C700E68EEA /* Frameworks */ = {
			isa = PBXGroup;
			children = (
				6BC093B71938B8C700E68EEA /* Foundation.framework */,
				6BC093C51938B8C700E68EEA /* XCTest.framework */,
				6BC093C81938B8C700E68EEA /* UIKit.framework */,
			);
			name = Frameworks;
			sourceTree = "<group>";
		};
		6BC093B91938B8C700E68EEA /* ARHandlingChains */ = {
			isa = PBXGroup;
			children = (
				6BC093BC1938B8C700E68EEA /* ARHandlingChains.h */,
				6BC093BA1938B8C700E68EEA /* Supporting Files */,
				655658826E7C3180E3662AAC /* Chain */,
				6556505F77A712EF07337EE9 /* PropertiesDescriptors */,
				65565B6BF293ACE1984FA37E /* Tools */,
			);
			path = ARHandlingChains;
			sourceTree = "<group>";
		};
		6BC093BA1938B8C700E68EEA /* Supporting Files */ = {
			isa = PBXGroup;
			children = (
				6BC093BB1938B8C700E68EEA /* ARHandlingChains-Prefix.pch */,
			);
			name = "Supporting Files";
			sourceTree = "<group>";
		};
		6BC093CD1938B8C700E68EEA /* ARHandlingChainsTests */ = {
			isa = PBXGroup;
			children = (
				6BC093CE1938B8C700E68EEA /* Supporting Files */,
				655653C4819417A34680EC0D /* PropertiesDescriptors */,
				65565742D29D69329F6BB448 /* Tools */,
			);
			path = ARHandlingChainsTests;
			sourceTree = "<group>";
		};
		6BC093CE1938B8C700E68EEA /* Supporting Files */ = {
			isa = PBXGroup;
			children = (
				6BC093CF1938B8C700E68EEA /* ARHandlingChainsTests-Info.plist */,
				6BC093D01938B8C700E68EEA /* InfoPlist.strings */,
			);
			name = "Supporting Files";
			sourceTree = "<group>";
		};
/* End PBXGroup section */

/* Begin PBXHeadersBuildPhase section */
		6B273D321941ECA400740B02 /* Headers */ = {
			isa = PBXHeadersBuildPhase;
			buildActionMask = 2147483647;
			files = (
				6BCFFF331957F9F90016B61F /* ARHandlingChains.h in Headers */,
				6BCFFF341957F9F90016B61F /* ARHCEInspectContextChainElement.h in Headers */,
				6BCFFF351957F9F90016B61F /* ARHAbstractChainElement.h in Headers */,
				6BCFFF361957F9F90016B61F /* ARHCCommonChainElement.h in Headers */,
				6BCFFF371957F9F90016B61F /* ARHAbstractHandlingChain.h in Headers */,
				6BCFFF381957F9F90016B61F /* ARHCCommonHandlingChain.h in Headers */,
				6BCFFF391957F9F90016B61F /* ARHIFutureContext.h in Headers */,
				6BCFFF3A1957F9F90016B61F /* ARHIExecutionPool.h in Headers */,
				6BCFFF3B1957F9F90016B61F /* ARHCExecutionPoolFactory.h in Headers */,
				6BCFFF3C1957F9F90016B61F /* ARHIHandlingChainQueueDelegate.h in Headers */,
				6BCFFF3D1957F9F90016B61F /* ARHIHandlingChainQueue.h in Headers */,
				6BCFFF3E1957F9F90016B61F /* ARHIErrorPD.h in Headers */,
				6BCFFF3F1957F9F90016B61F /* ARHIPropertiesDescriptor.h in Headers */,
				6BCFFF401957F9F90016B61F /* ARHIContextInspectorPD.h in Headers */,
				6BCFFF411957F9F90016B61F /* ARHCMutableDictionaryPropertiesAdapter.h in Headers */,
				6BCFFF421957F9F90016B61F /* ARHCErrorHolder.h in Headers */,
				6BCFFF431957F9F90016B61F /* ARHIChainContextInspector.h in Headers */,
				6BCFFF441957F9F90016B61F /* ARHCEnumerableWeakReferencesCollection.h in Headers */,
				6BCFFF451957FB580016B61F /* CEErrorNotification.h in Headers */,
				6BCFFF461957FB580016B61F /* CECompleteNotification.h in Headers */,
				6BCFFF471957FB580016B61F /* IChainElementPrivate.h in Headers */,
				6BCFFF481957FB580016B61F /* CSingleExecutionQueuePool.h in Headers */,
				6BCFFF491957FB580016B61F /* CSerialExecutionQueuePool.h in Headers */,
				6BCFFF4A1957FB580016B61F /* CExecutionQueuePool.h in Headers */,
				6BCFFF4B1957FB580016B61F /* CConcurrentExecutionQueuePool.h in Headers */,
				6BCFFF4C1957FB580016B61F /* CFutureContext.h in Headers */,
				6BCFFF4D1957FB580016B61F /* IHandlingChainQueuePrivate.h in Headers */,
				6BCFFF4E1957FB580016B61F /* CHandlingChainQueue.h in Headers */,
				6BCFFF4F1957FB580016B61F /* CHandlingChainQueueBuilder.h in Headers */,
				6BCFFF501957FB580016B61F /* IAdaptedPropertyAccessor.h in Headers */,
				6BCFFF511957FB580016B61F /* AbstractAccessorFactory.h in Headers */,
				6BCFFF521957FB580016B61F /* AbstractAdaptedPropertyAccessor.h in Headers */,
				6BCFFF531957FB580016B61F /* CAdaptedCommonPresented.h in Headers */,
				6BCFFF541957FB580016B61F /* CAdaptedCommonSetter.h in Headers */,
				6BCFFF551957FB580016B61F /* CAdaptedCommonGetter.h in Headers */,
				6BCFFF561957FB580016B61F /* CAdaptedObjectStrongGetter.h in Headers */,
				6BCFFF571957FB580016B61F /* CAdaptedObjectWeakGetter.h in Headers */,
				6BCFFF581957FB580016B61F /* CAdaptedScalarNumberGetter.h in Headers */,
				6BCFFF591957FB580016B61F /* CAdaptedStructureGetter.h in Headers */,
				6BCFFF5A1957FB580016B61F /* CAdaptedSelectorGetter.h in Headers */,
				6BCFFF5B1957FB580016B61F /* CAdaptedClassGetter.h in Headers */,
				6BCFFF5C1957FB580016B61F /* CAdaptedObjectStrongSetter.h in Headers */,
				6BCFFF5D1957FB580016B61F /* CAdaptedObjectWeakSetter.h in Headers */,
				6BCFFF5E1957FB580016B61F /* CAdaptedScalarNumberSetter.h in Headers */,
				6BCFFF5F1957FB580016B61F /* CAdaptedStructureSetter.h in Headers */,
				6BCFFF601957FB580016B61F /* CAdaptedSelectorSetter.h in Headers */,
				6BCFFF611957FB580016B61F /* CAdaptedClassSetter.h in Headers */,
				6BCFFF621957FB580016B61F /* CCommonAccessorFactory.h in Headers */,
				6BCFFF631957FB580016B61F /* CObjectStrongAccessorFactory.h in Headers */,
				6BCFFF641957FB580016B61F /* CObjectWeakAccessorFactory.h in Headers */,
				6BCFFF651957FB580016B61F /* CScalarNumberAccessorFactory.h in Headers */,
				6BCFFF661957FB580016B61F /* CStructureAccessorFactory.h in Headers */,
				6BCFFF671957FB580016B61F /* CSelectorAccessorFactory.h in Headers */,
				6BCFFF681957FB580016B61F /* CClassAccessorFactory.h in Headers */,
				6BCFFF691957FB580016B61F /* CWeakObjectHolder.h in Headers */,
				6BCFFF6A1957FB580016B61F /* CChildProtocols.h in Headers */,
				6BCFFF6B1957FB580016B61F /* CPropertyInfosForProtocol.h in Headers */,
				6BCFFF6C1957FB580016B61F /* CPropertiesDescriptorsAccessorsHolder.h in Headers */,
				6BCFFF6D1957FB580016B61F /* ARHCPropertyInfo.h in Headers */,
				6BCFFF6E1957FB580016B61F /* CWeakReferencesSentry.h in Headers */,
			);
			runOnlyForDeploymentPostprocessing = 0;
		};
/* End PBXHeadersBuildPhase section */

/* Begin PBXNativeTarget section */
		6BC093B31938B8C700E68EEA /* ARHandlingChains */ = {
			isa = PBXNativeTarget;
			buildConfigurationList = 6BC093D71938B8C700E68EEA /* Build configuration list for PBXNativeTarget "ARHandlingChains" */;
			buildPhases = (
				6BC093B01938B8C700E68EEA /* Sources */,
				6BC093B11938B8C700E68EEA /* Frameworks */,
				6B273D321941ECA400740B02 /* Headers */,
			);
			buildRules = (
			);
			dependencies = (
			);
			name = ARHandlingChains;
			productName = ARHandlingChains;
			productReference = 6BC093B41938B8C700E68EEA /* libARHandlingChains.a */;
			productType = "com.apple.product-type.library.static";
		};
		6BC093C31938B8C700E68EEA /* ARHandlingChainsTests */ = {
			isa = PBXNativeTarget;
			buildConfigurationList = 6BC093DA1938B8C700E68EEA /* Build configuration list for PBXNativeTarget "ARHandlingChainsTests" */;
			buildPhases = (
				6BC093C01938B8C700E68EEA /* Sources */,
				6BC093C11938B8C700E68EEA /* Frameworks */,
				6BC093C21938B8C700E68EEA /* Resources */,
			);
			buildRules = (
			);
			dependencies = (
				6BC093CB1938B8C700E68EEA /* PBXTargetDependency */,
			);
			name = ARHandlingChainsTests;
			productName = ARHandlingChainsTests;
			productReference = 6BC093C41938B8C700E68EEA /* ARHandlingChainsTests.xctest */;
			productType = "com.apple.product-type.bundle.unit-test";
		};
/* End PBXNativeTarget section */

/* Begin PBXProject section */
		6BC093AC1938B8C700E68EEA /* Project object */ = {
			isa = PBXProject;
			attributes = {
				LastUpgradeCheck = 0510;
			};
			buildConfigurationList = 6BC093AF1938B8C700E68EEA /* Build configuration list for PBXProject "ARHandlingChains" */;
			compatibilityVersion = "Xcode 3.2";
			developmentRegion = English;
			hasScannedForEncodings = 0;
			knownRegions = (
				en,
			);
			mainGroup = 6BC093AB1938B8C700E68EEA;
			productRefGroup = 6BC093B51938B8C700E68EEA /* Products */;
			projectDirPath = "";
			projectRoot = "";
			targets = (
				6BC093B31938B8C700E68EEA /* ARHandlingChains */,
				6BC093C31938B8C700E68EEA /* ARHandlingChainsTests */,
			);
		};
/* End PBXProject section */

/* Begin PBXResourcesBuildPhase section */
		6BC093C21938B8C700E68EEA /* Resources */ = {
			isa = PBXResourcesBuildPhase;
			buildActionMask = 2147483647;
			files = (
				6BC093D21938B8C700E68EEA /* InfoPlist.strings in Resources */,
			);
			runOnlyForDeploymentPostprocessing = 0;
		};
/* End PBXResourcesBuildPhase section */

/* Begin PBXSourcesBuildPhase section */
		6BC093B01938B8C700E68EEA /* Sources */ = {
			isa = PBXSourcesBuildPhase;
			buildActionMask = 2147483647;
			files = (
				6B273D221941E68F00740B02 /* CAdaptedClassGetter.m in Sources */,
				6B273D231941E68F00740B02 /* CChildProtocols.m in Sources */,
				6B273D241941E68F00740B02 /* CPropertyInfosForProtocol.m in Sources */,
				65565F16BB130857975DDEF2 /* ARHCEInspectContextChainElement.m in Sources */,
				65565ED9C53D23C49DF4186A /* ARHAbstractHandlingChain.m in Sources */,
				65565F9115D3C8CFAAB4E337 /* ARHCCommonHandlingChain.m in Sources */,
				655650D32C8138E60BADCD6C /* ARHCMutableDictionaryPropertiesAdapter.m in Sources */,
				65565E2E42535CA9CDAF6DA4 /* AbstractAccessorFactory.m in Sources */,
				655653FCB8B283B2829257B8 /* CAdaptedCommonPresented.m in Sources */,
				65565D36AF712534BAD135A0 /* AbstractAdaptedPropertyAccessor.m in Sources */,
				655650876622BB0E640A6E6E /* CAdaptedCommonSetter.m in Sources */,
				6556553819CCD0BA8470CBBA /* CAdaptedCommonGetter.m in Sources */,
				655650BFF5823F82411E21F1 /* CAdaptedObjectStrongGetter.m in Sources */,
				6556534E81CA4265EF59BBDB /* CAdaptedObjectWeakGetter.m in Sources */,
				655653858F9831983280AD38 /* CAdaptedScalarNumberGetter.m in Sources */,
				655651D1B411967647166900 /* CAdaptedStructureGetter.m in Sources */,
				65565A6C0E1EA553A5473983 /* CAdaptedSelectorGetter.m in Sources */,
				655657077670187849C24904 /* CAdaptedObjectStrongSetter.m in Sources */,
				65565CEE76CE85D8458DBB88 /* CAdaptedObjectWeakSetter.m in Sources */,
				6556515058A68A0AA50F2702 /* CAdaptedScalarNumberSetter.m in Sources */,
				6556504E83B102FA2B7D9B34 /* CAdaptedStructureSetter.m in Sources */,
				6556589515BB9C820DF74EB4 /* CAdaptedSelectorSetter.m in Sources */,
				655658D51D8FEFD6D023DBCE /* CAdaptedClassSetter.m in Sources */,
				65565775B2BC8059CC93E151 /* CCommonAccessorFactory.m in Sources */,
				65565475A86AD666475B1189 /* CObjectWeakAccessorFactory.m in Sources */,
				65565B75383E489203C337F2 /* CObjectStrongAccessorFactory.m in Sources */,
				655656E540D7F4AB4572796B /* CScalarNumberAccessorFactory.m in Sources */,
				65565593DFD3C259D012540A /* CStructureAccessorFactory.m in Sources */,
				655653695F6F16304F203DEB /* CSelectorAccessorFactory.m in Sources */,
				65565F7BEEFAB0DDF6C6468C /* CClassAccessorFactory.m in Sources */,
				65565EF975E2D809706B18BD /* ARHCErrorHolder.m in Sources */,
				65565848AD02B999818CBA8F /* CPropertiesDescriptorsAccessorsHolder.m in Sources */,
				655652CD3D952AF386EFDD60 /* ARHCPropertyInfo.m in Sources */,
				655653A7B4BFE19967BEFEE6 /* CWeakObjectHolder.m in Sources */,
				65565F6488BFD5A5EFC6A512 /* CECompleteNotification.m in Sources */,
				655650AF27E5C8993B65BAAC /* CEErrorNotification.m in Sources */,
				65565EE06B19611308348006 /* ARHAbstractChainElement.m in Sources */,
				6556514C5379D591626C1261 /* ARHCCommonChainElement.m in Sources */,
				6556547B3247F27EBD364709 /* ARHCEnumerableWeakReferencesCollection.m in Sources */,
				65565F1FA7B969851E56855E /* ARHCExecutionPoolFactory.m in Sources */,
				6556588F6410376C4434C379 /* CSingleExecutionQueuePool.m in Sources */,
				65565598E1BA0BF722F9C6F1 /* CSerialExecutionQueuePool.m in Sources */,
				655655A5FB8F753F0331F368 /* CExecutionQueuePool.m in Sources */,
				65565589D2D0238857C81DB4 /* CConcurrentExecutionQueuePool.m in Sources */,
				6556503A9C0A5D3322C62581 /* CWeakReferencesSentry.m in Sources */,
				655656F276DA69DF98BFB982 /* CFutureContext.m in Sources */,
				655653C4F61DBDD970133CE2 /* CHandlingChainQueueBuilder.m in Sources */,
				65565C09A30B02EDCB61B281 /* CHandlingChainQueue.m in Sources */,
			);
			runOnlyForDeploymentPostprocessing = 0;
		};
		6BC093C01938B8C700E68EEA /* Sources */ = {
			isa = PBXSourcesBuildPhase;
			buildActionMask = 2147483647;
			files = (
				65565B182EF05E49C2A44C1E /* CPropertiesDescriptorsAccessorsHolderTest.m in Sources */,
				6BC093E0193CB8A000E68EEA /* CPropertyInfoTest.m in Sources */,
				6556509FCAACF0272AC75892 /* CChildProtocolsTest.m in Sources */,
				65565DD90C3A1F7494E02597 /* CAdaptedStructureGetterAndSetterTest.m in Sources */,
				655658ACD24CFB3480EBF73A /* CAdaptedScalarNumberGetterTest.m in Sources */,
				65565D6E93CE51C4C359C6D4 /* CAdaptedScalarNumberSetterTest.m in Sources */,
				65565553C729798EFDF586BA /* CAdaptedSelectorGetterAndSetterTest.m in Sources */,
				65565DB874B76E0A39A76387 /* CAdaptedCommonSettersAndGettersTest.m in Sources */,
				6556571473D51EFA5426B059 /* CAdaptedClassGetterAndSetterTest.m in Sources */,
				65565FE5EC257C7A74651D38 /* CMutableDictionaryPropertiesAdapterTest.m in Sources */,
				65565E1FC587B06EC1F78FEB /* ARHCEnumerableWeakReferencesCollectionTest.m in Sources */,
			);
			runOnlyForDeploymentPostprocessing = 0;
		};
/* End PBXSourcesBuildPhase section */

/* Begin PBXTargetDependency section */
		6BC093CB1938B8C700E68EEA /* PBXTargetDependency */ = {
			isa = PBXTargetDependency;
			target = 6BC093B31938B8C700E68EEA /* ARHandlingChains */;
			targetProxy = 6BC093CA1938B8C700E68EEA /* PBXContainerItemProxy */;
		};
/* End PBXTargetDependency section */

/* Begin PBXVariantGroup section */
		6BC093D01938B8C700E68EEA /* InfoPlist.strings */ = {
			isa = PBXVariantGroup;
			children = (
				6BC093D11938B8C700E68EEA /* en */,
			);
			name = InfoPlist.strings;
			sourceTree = "<group>";
		};
/* End PBXVariantGroup section */

/* Begin XCBuildConfiguration section */
		6BC093D51938B8C700E68EEA /* Debug */ = {
			isa = XCBuildConfiguration;
			buildSettings = {
				ALWAYS_SEARCH_USER_PATHS = NO;
				CLANG_CXX_LANGUAGE_STANDARD = "gnu++0x";
				CLANG_CXX_LIBRARY = "libc++";
				CLANG_ENABLE_MODULES = YES;
				CLANG_ENABLE_OBJC_ARC = YES;
				CLANG_WARN_BOOL_CONVERSION = YES;
				CLANG_WARN_CONSTANT_CONVERSION = YES;
				CLANG_WARN_DIRECT_OBJC_ISA_USAGE = YES_ERROR;
				CLANG_WARN_EMPTY_BODY = YES;
				CLANG_WARN_ENUM_CONVERSION = YES;
				CLANG_WARN_INT_CONVERSION = YES;
				CLANG_WARN_OBJC_ROOT_CLASS = YES_ERROR;
				CLANG_WARN__DUPLICATE_METHOD_MATCH = YES;
				COPY_PHASE_STRIP = NO;
				GCC_C_LANGUAGE_STANDARD = gnu99;
				GCC_DYNAMIC_NO_PIC = NO;
				GCC_OPTIMIZATION_LEVEL = 0;
				GCC_PREPROCESSOR_DEFINITIONS = (
					"DEBUG=1",
					"$(inherited)",
				);
				GCC_SYMBOLS_PRIVATE_EXTERN = NO;
				GCC_WARN_64_TO_32_BIT_CONVERSION = YES;
				GCC_WARN_ABOUT_RETURN_TYPE = YES_ERROR;
				GCC_WARN_UNDECLARED_SELECTOR = YES;
				GCC_WARN_UNINITIALIZED_AUTOS = YES_AGGRESSIVE;
				GCC_WARN_UNUSED_FUNCTION = YES;
				GCC_WARN_UNUSED_VARIABLE = YES;
				IPHONEOS_DEPLOYMENT_TARGET = 7.1;
				ONLY_ACTIVE_ARCH = YES;
				SDKROOT = iphoneos;
			};
			name = Debug;
		};
		6BC093D61938B8C700E68EEA /* Release */ = {
			isa = XCBuildConfiguration;
			buildSettings = {
				ALWAYS_SEARCH_USER_PATHS = NO;
				CLANG_CXX_LANGUAGE_STANDARD = "gnu++0x";
				CLANG_CXX_LIBRARY = "libc++";
				CLANG_ENABLE_MODULES = YES;
				CLANG_ENABLE_OBJC_ARC = YES;
				CLANG_WARN_BOOL_CONVERSION = YES;
				CLANG_WARN_CONSTANT_CONVERSION = YES;
				CLANG_WARN_DIRECT_OBJC_ISA_USAGE = YES_ERROR;
				CLANG_WARN_EMPTY_BODY = YES;
				CLANG_WARN_ENUM_CONVERSION = YES;
				CLANG_WARN_INT_CONVERSION = YES;
				CLANG_WARN_OBJC_ROOT_CLASS = YES_ERROR;
				CLANG_WARN__DUPLICATE_METHOD_MATCH = YES;
				COPY_PHASE_STRIP = YES;
				ENABLE_NS_ASSERTIONS = NO;
				GCC_C_LANGUAGE_STANDARD = gnu99;
				GCC_WARN_64_TO_32_BIT_CONVERSION = YES;
				GCC_WARN_ABOUT_RETURN_TYPE = YES_ERROR;
				GCC_WARN_UNDECLARED_SELECTOR = YES;
				GCC_WARN_UNINITIALIZED_AUTOS = YES_AGGRESSIVE;
				GCC_WARN_UNUSED_FUNCTION = YES;
				GCC_WARN_UNUSED_VARIABLE = YES;
				IPHONEOS_DEPLOYMENT_TARGET = 7.1;
				SDKROOT = iphoneos;
				VALIDATE_PRODUCT = YES;
			};
			name = Release;
		};
		6BC093D81938B8C700E68EEA /* Debug */ = {
			isa = XCBuildConfiguration;
			buildSettings = {
				DSTROOT = /tmp/ARHandlingChains.dst;
				GCC_PRECOMPILE_PREFIX_HEADER = YES;
				GCC_PREFIX_HEADER = "ARHandlingChains/ARHandlingChains-Prefix.pch";
				OTHER_LDFLAGS = "-ObjC";
				PRODUCT_NAME = "$(TARGET_NAME)";
				PUBLIC_HEADERS_FOLDER_PATH = "include/$(TARGET_NAME)";
				SKIP_INSTALL = YES;
			};
			name = Debug;
		};
		6BC093D91938B8C700E68EEA /* Release */ = {
			isa = XCBuildConfiguration;
			buildSettings = {
				DSTROOT = /tmp/ARHandlingChains.dst;
				GCC_PRECOMPILE_PREFIX_HEADER = YES;
				GCC_PREFIX_HEADER = "ARHandlingChains/ARHandlingChains-Prefix.pch";
				OTHER_LDFLAGS = "-ObjC";
				PRODUCT_NAME = "$(TARGET_NAME)";
				PUBLIC_HEADERS_FOLDER_PATH = "include/$(TARGET_NAME)";
				SKIP_INSTALL = YES;
			};
			name = Release;
		};
		6BC093DB1938B8C700E68EEA /* Debug */ = {
			isa = XCBuildConfiguration;
			buildSettings = {
				FRAMEWORK_SEARCH_PATHS = (
					"$(SDKROOT)/Developer/Library/Frameworks",
					"$(inherited)",
					"$(DEVELOPER_FRAMEWORKS_DIR)",
				);
				GCC_PRECOMPILE_PREFIX_HEADER = YES;
				GCC_PREFIX_HEADER = "ARHandlingChains/ARHandlingChains-Prefix.pch";
				GCC_PREPROCESSOR_DEFINITIONS = (
					"DEBUG=1",
					"$(inherited)",
				);
				INFOPLIST_FILE = "ARHandlingChainsTests/ARHandlingChainsTests-Info.plist";
				PRODUCT_NAME = "$(TARGET_NAME)";
				WRAPPER_EXTENSION = xctest;
			};
			name = Debug;
		};
		6BC093DC1938B8C700E68EEA /* Release */ = {
			isa = XCBuildConfiguration;
			buildSettings = {
				FRAMEWORK_SEARCH_PATHS = (
					"$(SDKROOT)/Developer/Library/Frameworks",
					"$(inherited)",
					"$(DEVELOPER_FRAMEWORKS_DIR)",
				);
				GCC_PRECOMPILE_PREFIX_HEADER = YES;
				GCC_PREFIX_HEADER = "ARHandlingChains/ARHandlingChains-Prefix.pch";
				INFOPLIST_FILE = "ARHandlingChainsTests/ARHandlingChainsTests-Info.plist";
				PRODUCT_NAME = "$(TARGET_NAME)";
				WRAPPER_EXTENSION = xctest;
			};
			name = Release;
		};
/* End XCBuildConfiguration section */

/* Begin XCConfigurationList section */
		6BC093AF1938B8C700E68EEA /* Build configuration list for PBXProject "ARHandlingChains" */ = {
			isa = XCConfigurationList;
			buildConfigurations = (
				6BC093D51938B8C700E68EEA /* Debug */,
				6BC093D61938B8C700E68EEA /* Release */,
			);
			defaultConfigurationIsVisible = 0;
			defaultConfigurationName = Release;
		};
		6BC093D71938B8C700E68EEA /* Build configuration list for PBXNativeTarget "ARHandlingChains" */ = {
			isa = XCConfigurationList;
			buildConfigurations = (
				6BC093D81938B8C700E68EEA /* Debug */,
				6BC093D91938B8C700E68EEA /* Release */,
			);
			defaultConfigurationIsVisible = 0;
			defaultConfigurationName = Release;
		};
		6BC093DA1938B8C700E68EEA /* Build configuration list for PBXNativeTarget "ARHandlingChainsTests" */ = {
			isa = XCConfigurationList;
			buildConfigurations = (
				6BC093DB1938B8C700E68EEA /* Debug */,
				6BC093DC1938B8C700E68EEA /* Release */,
			);
			defaultConfigurationIsVisible = 0;
			defaultConfigurationName = Release;
		};
/* End XCConfigurationList section */
	};
	rootObject = 6BC093AC1938B8C700E68EEA /* Project object */;
}
